PODS:
  - Cosmos (23.0.0)
  - Floaty (4.1.0)
  - Kingfisher (4.10.1)
  - lottie-ios (3.2.3)
  - MaterialComponents/AnimationTiming (112.1.0)
  - MaterialComponents/Availability (112.1.0)
  - MaterialComponents/Buttons (112.1.0):
    - MaterialComponents/Elevation
    - MaterialComponents/Ink
    - MaterialComponents/private/Math
    - MaterialComponents/Ripple
    - MaterialComponents/ShadowElevations
    - MaterialComponents/ShadowLayer
    - MaterialComponents/ShapeLibrary
    - MaterialComponents/Shapes
    - MaterialComponents/Typography
    - MDFInternationalization
    - MDFTextAccessibility
  - MaterialComponents/Elevation (112.1.0):
    - MaterialComponents/Availability
    - MaterialComponents/private/Color
    - MaterialComponents/private/Math
  - MaterialComponents/Ink (112.1.0):
    - MaterialComponents/Availability
    - MaterialComponents/private/Color
    - MaterialComponents/private/Math
  - MaterialComponents/Palettes (112.1.0)
  - MaterialComponents/private/Application (112.1.0)
  - MaterialComponents/private/Color (112.1.0):
    - MaterialComponents/Availability
  - MaterialComponents/private/Math (112.1.0)
  - MaterialComponents/Ripple (112.1.0):
    - MaterialComponents/AnimationTiming
    - MaterialComponents/Availability
    - MaterialComponents/private/Color
    - MaterialComponents/private/Math
  - MaterialComponents/schemes/Color (112.1.0):
    - MaterialComponents/Availability
    - MaterialComponents/private/Color
  - MaterialComponents/schemes/Typography (112.1.0):
    - "MaterialComponents/schemes/Typography+BasicFontScheme"
    - "MaterialComponents/schemes/Typography+Scheming"
    - MaterialComponents/Typography
  - "MaterialComponents/schemes/Typography+BasicFontScheme (112.1.0)"
  - "MaterialComponents/schemes/Typography+Scheming (112.1.0)"
  - MaterialComponents/ShadowElevations (112.1.0)
  - MaterialComponents/ShadowLayer (112.1.0):
    - MaterialComponents/ShadowElevations
  - MaterialComponents/ShapeLibrary (112.1.0):
    - MaterialComponents/private/Math
    - MaterialComponents/Shapes
  - MaterialComponents/Shapes (112.1.0):
    - MaterialComponents/private/Color
    - MaterialComponents/private/Math
    - MaterialComponents/ShadowLayer
  - MaterialComponents/TextFields (112.1.0):
    - MaterialComponents/AnimationTiming
    - MaterialComponents/Buttons
    - MaterialComponents/Elevation
    - MaterialComponents/Palettes
    - MaterialComponents/private/Math
    - MaterialComponents/Typography
    - MDFInternationalization
  - "MaterialComponents/TextFields+ColorThemer (112.1.0)":
    - MaterialComponents/TextFields
    - MaterialComponents/Themes
  - MaterialComponents/Themes (112.1.0):
    - MaterialComponents/schemes/Color
    - MaterialComponents/schemes/Typography
  - MaterialComponents/Typography (112.1.0):
    - MaterialComponents/private/Application
    - MaterialComponents/private/Math
    - MDFTextAccessibility
  - MDFInternationalization (2.0.0)
  - MDFTextAccessibility (2.0.1)
  - Toast-Swift (5.0.1)

DEPENDENCIES:
  - Cosmos
  - Floaty
  - Kingfisher
  - lottie-ios
  - MaterialComponents/TextFields
  - "MaterialComponents/TextFields+ColorThemer"
  - Toast-Swift

SPEC REPOS:
  trunk:
    - Cosmos
    - Floaty
    - Kingfisher
    - lottie-ios
    - MaterialComponents
    - MDFInternationalization
    - MDFTextAccessibility
    - Toast-Swift

SPEC CHECKSUMS:
  Cosmos: b5c6a9a637e28a061b54c8f8b1d8529d7d4db73f
  Floaty: 1a4e213f3512cf3045ef9cb0c1ff456226d1f66a
  Kingfisher: c148cd7b47ebde9989f6bc7c27dcaa79d81279a0
  lottie-ios: c058aeafa76daa4cf64d773554bccc8385d0150e
  MaterialComponents: ba54523b921faa5c2adaaa692048c6b95a09263d
  MDFInternationalization: 010097556d6b09d2c4ea38e0820ea6d37be6a314
  MDFTextAccessibility: f4bb4cc2194286651b59a215fdeaa0e05dc90ba5
  Toast-Swift: 9b6a70f28b3bf0b96c40d46c0c4b9d6639846711

PODFILE CHECKSUM: 4770d4d515b449c0ca08fb8a9f5ba66a1a17b2fa

COCOAPODS: 1.11.3
