// !$*UTF8*$!
{
	archiveVersion = 1;
	classes = {
	};
	objectVersion = 56;
	objects = {

/* Begin PBXBuildFile section */
		331BB3FA29AF7F4C00466C97 /* EXUIView.swift in Sources */ = {isa = PBXBuildFile; fileRef = 331BB3E629AF7F4C00466C97 /* EXUIView.swift */; };
		331BB3FB29AF7F4C00466C97 /* Roboto-Medium.ttf in Resources */ = {isa = PBXBuildFile; fileRef = 331BB3E929AF7F4C00466C97 /* Roboto-Medium.ttf */; };
		331BB3FC29AF7F4C00466C97 /* Roboto-Light.ttf in Resources */ = {isa = PBXBuildFile; fileRef = 331BB3EA29AF7F4C00466C97 /* Roboto-Light.ttf */; };
		331BB3FD29AF7F4C00466C97 /* Roboto-Regular.ttf in Resources */ = {isa = PBXBuildFile; fileRef = 331BB3EB29AF7F4C00466C97 /* Roboto-Regular.ttf */; };
		331BB3FE29AF7F4C00466C97 /* Roboto-Bold.ttf in Resources */ = {isa = PBXBuildFile; fileRef = 331BB3EC29AF7F4C00466C97 /* Roboto-Bold.ttf */; };
		331BB3FF29AF7F4C00466C97 /* Roboto-Black.ttf in Resources */ = {isa = PBXBuildFile; fileRef = 331BB3ED29AF7F4C00466C97 /* Roboto-Black.ttf */; };
		331BB40229AF7F4C00466C97 /* catagoryCollectionViewCell.swift in Sources */ = {isa = PBXBuildFile; fileRef = 331BB3F429AF7F4C00466C97 /* catagoryCollectionViewCell.swift */; };
		331BB40329AF7F4C00466C97 /* catagoryCollectionViewCell.xib in Resources */ = {isa = PBXBuildFile; fileRef = 331BB3F529AF7F4C00466C97 /* catagoryCollectionViewCell.xib */; };
		331BB40429AF7F4C00466C97 /* catagoryViewController.swift in Sources */ = {isa = PBXBuildFile; fileRef = 331BB3F629AF7F4C00466C97 /* catagoryViewController.swift */; };
		331BB40529AF7F4C00466C97 /* SingUpViewController.swift in Sources */ = {isa = PBXBuildFile; fileRef = 331BB3F829AF7F4C00466C97 /* SingUpViewController.swift */; };
		331BB40629AF7F4C00466C97 /* loginViewController.swift in Sources */ = {isa = PBXBuildFile; fileRef = 331BB3F929AF7F4C00466C97 /* loginViewController.swift */; };
		331BB40829AF806F00466C97 /* Assets.xcassets in Resources */ = {isa = PBXBuildFile; fileRef = 331BB40729AF806E00466C97 /* Assets.xcassets */; };
		3347203529AF901600FF2F40 /* ShoppingCartVC.swift in Sources */ = {isa = PBXBuildFile; fileRef = 3347203329AF901600FF2F40 /* ShoppingCartVC.swift */; };
		3347203629AF901600FF2F40 /* ShoppingCartCell.swift in Sources */ = {isa = PBXBuildFile; fileRef = 3347203429AF901600FF2F40 /* ShoppingCartCell.swift */; };
		3B4FCBA1192DB739F2834B78 /* Pods_Shopify_AppTests.framework in Frameworks */ = {isa = PBXBuildFile; fileRef = FBB050D1A4B5081AEFC597C7 /* Pods_Shopify_AppTests.framework */; };
		7BFB960029B0EB29002D5253 /* WishListTableCell.swift in Sources */ = {isa = PBXBuildFile; fileRef = 7BFB95F629B0EB25002D5253 /* WishListTableCell.swift */; };
		7BFB960129B0EB29002D5253 /* MeVC.swift in Sources */ = {isa = PBXBuildFile; fileRef = 7BFB95F729B0EB25002D5253 /* MeVC.swift */; };
		7BFB960229B0EB29002D5253 /* OrdersTableCell.swift in Sources */ = {isa = PBXBuildFile; fileRef = 7BFB95F829B0EB26002D5253 /* OrdersTableCell.swift */; };
		7BFB960329B0EB29002D5253 /* SettingCell.swift in Sources */ = {isa = PBXBuildFile; fileRef = 7BFB95F929B0EB27002D5253 /* SettingCell.swift */; };
		7BFB960429B0EB29002D5253 /* AddNewAddressVC.swift in Sources */ = {isa = PBXBuildFile; fileRef = 7BFB95FA29B0EB27002D5253 /* AddNewAddressVC.swift */; };
		7BFB960529B0EB29002D5253 /* ChangeAddressVC.swift in Sources */ = {isa = PBXBuildFile; fileRef = 7BFB95FB29B0EB27002D5253 /* ChangeAddressVC.swift */; };
		7BFB960629B0EB29002D5253 /* ContactUsVC.swift in Sources */ = {isa = PBXBuildFile; fileRef = 7BFB95FC29B0EB27002D5253 /* ContactUsVC.swift */; };
		7BFB960729B0EB29002D5253 /* ChangeAddressCell.swift in Sources */ = {isa = PBXBuildFile; fileRef = 7BFB95FD29B0EB28002D5253 /* ChangeAddressCell.swift */; };
		7BFB960829B0EB29002D5253 /* AboutUsVC.swift in Sources */ = {isa = PBXBuildFile; fileRef = 7BFB95FE29B0EB28002D5253 /* AboutUsVC.swift */; };
		7BFB960929B0EB29002D5253 /* SettingsVC.swift in Sources */ = {isa = PBXBuildFile; fileRef = 7BFB95FF29B0EB29002D5253 /* SettingsVC.swift */; };
		8C24C1EA29AE777400AE390B /* AppDelegate.swift in Sources */ = {isa = PBXBuildFile; fileRef = 8C24C1E929AE777400AE390B /* AppDelegate.swift */; };
		8C24C1EC29AE777400AE390B /* SceneDelegate.swift in Sources */ = {isa = PBXBuildFile; fileRef = 8C24C1EB29AE777400AE390B /* SceneDelegate.swift */; };
		8C24C1F129AE777500AE390B /* Main.storyboard in Resources */ = {isa = PBXBuildFile; fileRef = 8C24C1EF29AE777500AE390B /* Main.storyboard */; };
		8C24C1F429AE777500AE390B /* Shopify_App.xcdatamodeld in Sources */ = {isa = PBXBuildFile; fileRef = 8C24C1F229AE777500AE390B /* Shopify_App.xcdatamodeld */; };
		8C24C1F929AE77BB00AE390B /* LaunchScreen.storyboard in Resources */ = {isa = PBXBuildFile; fileRef = 8C24C1F729AE77BB00AE390B /* LaunchScreen.storyboard */; };
		8C24C20429AE77BD00AE390B /* Shopify_AppTests.swift in Sources */ = {isa = PBXBuildFile; fileRef = 8C24C20329AE77BD00AE390B /* Shopify_AppTests.swift */; };
		8C24C20E29AE77BD00AE390B /* Shopify_AppUITests.swift in Sources */ = {isa = PBXBuildFile; fileRef = 8C24C20D29AE77BD00AE390B /* Shopify_AppUITests.swift */; };
		8C24C21029AE77BD00AE390B /* Shopify_AppUITestsLaunchTests.swift in Sources */ = {isa = PBXBuildFile; fileRef = 8C24C20F29AE77BD00AE390B /* Shopify_AppUITestsLaunchTests.swift */; };
		8CA6A06729AF9F98006809E9 /* ChooseAddressVC.swift in Sources */ = {isa = PBXBuildFile; fileRef = 8CA6A06629AF9F98006809E9 /* ChooseAddressVC.swift */; };
		8CA6A06929AF9FD2006809E9 /* ChooseAddressCell.swift in Sources */ = {isa = PBXBuildFile; fileRef = 8CA6A06829AF9FD2006809E9 /* ChooseAddressCell.swift */; };
		8CA6A06D29AFB444006809E9 /* ConfirmPaymentVC.swift in Sources */ = {isa = PBXBuildFile; fileRef = 8CA6A06C29AFB444006809E9 /* ConfirmPaymentVC.swift */; };
		8CA6A06F29AFB4E4006809E9 /* CouponTextField.swift in Sources */ = {isa = PBXBuildFile; fileRef = 8CA6A06E29AFB4E4006809E9 /* CouponTextField.swift */; };
		8CA6A07329AFCE87006809E9 /* PaymentOptionsVC.swift in Sources */ = {isa = PBXBuildFile; fileRef = 8CA6A07229AFCE87006809E9 /* PaymentOptionsVC.swift */; };
		8CA6A07529AFCED2006809E9 /* PaymentOptionsCell.swift in Sources */ = {isa = PBXBuildFile; fileRef = 8CA6A07429AFCED1006809E9 /* PaymentOptionsCell.swift */; };
		CC1E670976A80A8425EAD033 /* Pods_Shopify_App.framework in Frameworks */ = {isa = PBXBuildFile; fileRef = 5ED22B020899511829DE094C /* Pods_Shopify_App.framework */; };
		D8784BAD29AF680300231982 /* SplashVC.swift in Sources */ = {isa = PBXBuildFile; fileRef = D8784BAC29AF680300231982 /* SplashVC.swift */; };
		D8784BAF29AF682E00231982 /* TabBarVC.swift in Sources */ = {isa = PBXBuildFile; fileRef = D8784BAE29AF682E00231982 /* TabBarVC.swift */; };
		D8784BB129AF688E00231982 /* splashGIF.json in Resources */ = {isa = PBXBuildFile; fileRef = D8784BB029AF688E00231982 /* splashGIF.json */; };
		D8E34D8029B0DC2400590317 /* ProductCVC.swift in Sources */ = {isa = PBXBuildFile; fileRef = D8E34D7E29B0DC2400590317 /* ProductCVC.swift */; };
		D8E34D8129B0DC2400590317 /* ProductVC.swift in Sources */ = {isa = PBXBuildFile; fileRef = D8E34D7F29B0DC2400590317 /* ProductVC.swift */; };
		D8E34D8429B0DC6C00590317 /* OrderTableViewCell.swift in Sources */ = {isa = PBXBuildFile; fileRef = D8E34D8329B0DC6C00590317 /* OrderTableViewCell.swift */; };
		D8E34D8629B0DC6D00590317 /* OrderVC.swift in Sources */ = {isa = PBXBuildFile; fileRef = D8E34D8529B0DC6D00590317 /* OrderVC.swift */; };
		D8E34D8B29B0DCA100590317 /* FavourieTableViewCell.swift in Sources */ = {isa = PBXBuildFile; fileRef = D8E34D8929B0DCA100590317 /* FavourieTableViewCell.swift */; };
		D8E34D8C29B0DCA100590317 /* FavouriteVC.swift in Sources */ = {isa = PBXBuildFile; fileRef = D8E34D8A29B0DCA100590317 /* FavouriteVC.swift */; };
		DDF87E362CDE7D12C7D94216 /* Pods_Shopify_App_Shopify_AppUITests.framework in Frameworks */ = {isa = PBXBuildFile; fileRef = 9093B40DFEA4B6BEA0BAF393 /* Pods_Shopify_App_Shopify_AppUITests.framework */; };
/* End PBXBuildFile section */

/* Begin PBXContainerItemProxy section */
		8C24C20029AE77BD00AE390B /* PBXContainerItemProxy */ = {
			isa = PBXContainerItemProxy;
			containerPortal = 8C24C1DE29AE777300AE390B /* Project object */;
			proxyType = 1;
			remoteGlobalIDString = 8C24C1E529AE777400AE390B;
			remoteInfo = "Shopify App";
		};
		8C24C20A29AE77BD00AE390B /* PBXContainerItemProxy */ = {
			isa = PBXContainerItemProxy;
			containerPortal = 8C24C1DE29AE777300AE390B /* Project object */;
			proxyType = 1;
			remoteGlobalIDString = 8C24C1E529AE777400AE390B;
			remoteInfo = "Shopify App";
		};
/* End PBXContainerItemProxy section */

/* Begin PBXFileReference section */
		1544CE7A805118114A50F53C /* Pods-Shopify App.debug.xcconfig */ = {isa = PBXFileReference; includeInIndex = 1; lastKnownFileType = text.xcconfig; name = "Pods-Shopify App.debug.xcconfig"; path = "Target Support Files/Pods-Shopify App/Pods-Shopify App.debug.xcconfig"; sourceTree = "<group>"; };
		24DC83E1FDA16C85CC927B3A /* Pods-Shopify App-Shopify AppUITests.release.xcconfig */ = {isa = PBXFileReference; includeInIndex = 1; lastKnownFileType = text.xcconfig; name = "Pods-Shopify App-Shopify AppUITests.release.xcconfig"; path = "Target Support Files/Pods-Shopify App-Shopify AppUITests/Pods-Shopify App-Shopify AppUITests.release.xcconfig"; sourceTree = "<group>"; };
		301E00E7B6C488EBA538CA4B /* Pods-Shopify App.release.xcconfig */ = {isa = PBXFileReference; includeInIndex = 1; lastKnownFileType = text.xcconfig; name = "Pods-Shopify App.release.xcconfig"; path = "Target Support Files/Pods-Shopify App/Pods-Shopify App.release.xcconfig"; sourceTree = "<group>"; };
		331BB3E629AF7F4C00466C97 /* EXUIView.swift */ = {isa = PBXFileReference; fileEncoding = 4; lastKnownFileType = sourcecode.swift; path = EXUIView.swift; sourceTree = "<group>"; };
		331BB3E929AF7F4C00466C97 /* Roboto-Medium.ttf */ = {isa = PBXFileReference; lastKnownFileType = file; path = "Roboto-Medium.ttf"; sourceTree = "<group>"; };
		331BB3EA29AF7F4C00466C97 /* Roboto-Light.ttf */ = {isa = PBXFileReference; lastKnownFileType = file; path = "Roboto-Light.ttf"; sourceTree = "<group>"; };
		331BB3EB29AF7F4C00466C97 /* Roboto-Regular.ttf */ = {isa = PBXFileReference; lastKnownFileType = file; path = "Roboto-Regular.ttf"; sourceTree = "<group>"; };
		331BB3EC29AF7F4C00466C97 /* Roboto-Bold.ttf */ = {isa = PBXFileReference; lastKnownFileType = file; path = "Roboto-Bold.ttf"; sourceTree = "<group>"; };
		331BB3ED29AF7F4C00466C97 /* Roboto-Black.ttf */ = {isa = PBXFileReference; lastKnownFileType = file; path = "Roboto-Black.ttf"; sourceTree = "<group>"; };
		331BB3F429AF7F4C00466C97 /* catagoryCollectionViewCell.swift */ = {isa = PBXFileReference; fileEncoding = 4; lastKnownFileType = sourcecode.swift; path = catagoryCollectionViewCell.swift; sourceTree = "<group>"; };
		331BB3F529AF7F4C00466C97 /* catagoryCollectionViewCell.xib */ = {isa = PBXFileReference; fileEncoding = 4; lastKnownFileType = file.xib; path = catagoryCollectionViewCell.xib; sourceTree = "<group>"; };
		331BB3F629AF7F4C00466C97 /* catagoryViewController.swift */ = {isa = PBXFileReference; fileEncoding = 4; lastKnownFileType = sourcecode.swift; path = catagoryViewController.swift; sourceTree = "<group>"; };
		331BB3F829AF7F4C00466C97 /* SingUpViewController.swift */ = {isa = PBXFileReference; fileEncoding = 4; lastKnownFileType = sourcecode.swift; path = SingUpViewController.swift; sourceTree = "<group>"; };
		331BB3F929AF7F4C00466C97 /* loginViewController.swift */ = {isa = PBXFileReference; fileEncoding = 4; lastKnownFileType = sourcecode.swift; path = loginViewController.swift; sourceTree = "<group>"; };
		331BB40729AF806E00466C97 /* Assets.xcassets */ = {isa = PBXFileReference; lastKnownFileType = folder.assetcatalog; path = Assets.xcassets; sourceTree = "<group>"; };
		3347203329AF901600FF2F40 /* ShoppingCartVC.swift */ = {isa = PBXFileReference; fileEncoding = 4; lastKnownFileType = sourcecode.swift; path = ShoppingCartVC.swift; sourceTree = "<group>"; };
		3347203429AF901600FF2F40 /* ShoppingCartCell.swift */ = {isa = PBXFileReference; fileEncoding = 4; lastKnownFileType = sourcecode.swift; path = ShoppingCartCell.swift; sourceTree = "<group>"; };
		5ED22B020899511829DE094C /* Pods_Shopify_App.framework */ = {isa = PBXFileReference; explicitFileType = wrapper.framework; includeInIndex = 0; path = Pods_Shopify_App.framework; sourceTree = BUILT_PRODUCTS_DIR; };
		6CC8966D5DEB50ADAB926022 /* Pods-Shopify App-Shopify AppUITests.debug.xcconfig */ = {isa = PBXFileReference; includeInIndex = 1; lastKnownFileType = text.xcconfig; name = "Pods-Shopify App-Shopify AppUITests.debug.xcconfig"; path = "Target Support Files/Pods-Shopify App-Shopify AppUITests/Pods-Shopify App-Shopify AppUITests.debug.xcconfig"; sourceTree = "<group>"; };
		7BFB95F629B0EB25002D5253 /* WishListTableCell.swift */ = {isa = PBXFileReference; fileEncoding = 4; lastKnownFileType = sourcecode.swift; path = WishListTableCell.swift; sourceTree = "<group>"; };
		7BFB95F729B0EB25002D5253 /* MeVC.swift */ = {isa = PBXFileReference; fileEncoding = 4; lastKnownFileType = sourcecode.swift; path = MeVC.swift; sourceTree = "<group>"; };
		7BFB95F829B0EB26002D5253 /* OrdersTableCell.swift */ = {isa = PBXFileReference; fileEncoding = 4; lastKnownFileType = sourcecode.swift; path = OrdersTableCell.swift; sourceTree = "<group>"; };
		7BFB95F929B0EB27002D5253 /* SettingCell.swift */ = {isa = PBXFileReference; fileEncoding = 4; lastKnownFileType = sourcecode.swift; path = SettingCell.swift; sourceTree = "<group>"; };
		7BFB95FA29B0EB27002D5253 /* AddNewAddressVC.swift */ = {isa = PBXFileReference; fileEncoding = 4; lastKnownFileType = sourcecode.swift; path = AddNewAddressVC.swift; sourceTree = "<group>"; };
		7BFB95FB29B0EB27002D5253 /* ChangeAddressVC.swift */ = {isa = PBXFileReference; fileEncoding = 4; lastKnownFileType = sourcecode.swift; path = ChangeAddressVC.swift; sourceTree = "<group>"; };
		7BFB95FC29B0EB27002D5253 /* ContactUsVC.swift */ = {isa = PBXFileReference; fileEncoding = 4; lastKnownFileType = sourcecode.swift; path = ContactUsVC.swift; sourceTree = "<group>"; };
		7BFB95FD29B0EB28002D5253 /* ChangeAddressCell.swift */ = {isa = PBXFileReference; fileEncoding = 4; lastKnownFileType = sourcecode.swift; path = ChangeAddressCell.swift; sourceTree = "<group>"; };
		7BFB95FE29B0EB28002D5253 /* AboutUsVC.swift */ = {isa = PBXFileReference; fileEncoding = 4; lastKnownFileType = sourcecode.swift; path = AboutUsVC.swift; sourceTree = "<group>"; };
		7BFB95FF29B0EB29002D5253 /* SettingsVC.swift */ = {isa = PBXFileReference; fileEncoding = 4; lastKnownFileType = sourcecode.swift; path = SettingsVC.swift; sourceTree = "<group>"; };
		8C24C1E629AE777400AE390B /* Shopify App.app */ = {isa = PBXFileReference; explicitFileType = wrapper.application; includeInIndex = 0; path = "Shopify App.app"; sourceTree = BUILT_PRODUCTS_DIR; };
		8C24C1E929AE777400AE390B /* AppDelegate.swift */ = {isa = PBXFileReference; lastKnownFileType = sourcecode.swift; path = AppDelegate.swift; sourceTree = "<group>"; };
		8C24C1EB29AE777400AE390B /* SceneDelegate.swift */ = {isa = PBXFileReference; lastKnownFileType = sourcecode.swift; path = SceneDelegate.swift; sourceTree = "<group>"; };
		8C24C1F029AE777500AE390B /* Base */ = {isa = PBXFileReference; lastKnownFileType = file.storyboard; name = Base; path = Base.lproj/Main.storyboard; sourceTree = "<group>"; };
		8C24C1F329AE777500AE390B /* Shopify_App.xcdatamodel */ = {isa = PBXFileReference; lastKnownFileType = wrapper.xcdatamodel; path = Shopify_App.xcdatamodel; sourceTree = "<group>"; };
		8C24C1F829AE77BB00AE390B /* Base */ = {isa = PBXFileReference; lastKnownFileType = file.storyboard; name = Base; path = Base.lproj/LaunchScreen.storyboard; sourceTree = "<group>"; };
		8C24C1FA29AE77BB00AE390B /* Info.plist */ = {isa = PBXFileReference; lastKnownFileType = text.plist.xml; path = Info.plist; sourceTree = "<group>"; };
		8C24C1FF29AE77BD00AE390B /* Shopify AppTests.xctest */ = {isa = PBXFileReference; explicitFileType = wrapper.cfbundle; includeInIndex = 0; path = "Shopify AppTests.xctest"; sourceTree = BUILT_PRODUCTS_DIR; };
		8C24C20329AE77BD00AE390B /* Shopify_AppTests.swift */ = {isa = PBXFileReference; lastKnownFileType = sourcecode.swift; path = Shopify_AppTests.swift; sourceTree = "<group>"; };
		8C24C20929AE77BD00AE390B /* Shopify AppUITests.xctest */ = {isa = PBXFileReference; explicitFileType = wrapper.cfbundle; includeInIndex = 0; path = "Shopify AppUITests.xctest"; sourceTree = BUILT_PRODUCTS_DIR; };
		8C24C20D29AE77BD00AE390B /* Shopify_AppUITests.swift */ = {isa = PBXFileReference; lastKnownFileType = sourcecode.swift; path = Shopify_AppUITests.swift; sourceTree = "<group>"; };
		8C24C20F29AE77BD00AE390B /* Shopify_AppUITestsLaunchTests.swift */ = {isa = PBXFileReference; lastKnownFileType = sourcecode.swift; path = Shopify_AppUITestsLaunchTests.swift; sourceTree = "<group>"; };
		8CA6A06629AF9F98006809E9 /* ChooseAddressVC.swift */ = {isa = PBXFileReference; lastKnownFileType = sourcecode.swift; path = ChooseAddressVC.swift; sourceTree = "<group>"; };
		8CA6A06829AF9FD2006809E9 /* ChooseAddressCell.swift */ = {isa = PBXFileReference; lastKnownFileType = sourcecode.swift; path = ChooseAddressCell.swift; sourceTree = "<group>"; };
		8CA6A06C29AFB444006809E9 /* ConfirmPaymentVC.swift */ = {isa = PBXFileReference; lastKnownFileType = sourcecode.swift; path = ConfirmPaymentVC.swift; sourceTree = "<group>"; };
		8CA6A06E29AFB4E4006809E9 /* CouponTextField.swift */ = {isa = PBXFileReference; lastKnownFileType = sourcecode.swift; path = CouponTextField.swift; sourceTree = "<group>"; };
		8CA6A07229AFCE87006809E9 /* PaymentOptionsVC.swift */ = {isa = PBXFileReference; lastKnownFileType = sourcecode.swift; path = PaymentOptionsVC.swift; sourceTree = "<group>"; };
		8CA6A07429AFCED1006809E9 /* PaymentOptionsCell.swift */ = {isa = PBXFileReference; lastKnownFileType = sourcecode.swift; path = PaymentOptionsCell.swift; sourceTree = "<group>"; };
		9093B40DFEA4B6BEA0BAF393 /* Pods_Shopify_App_Shopify_AppUITests.framework */ = {isa = PBXFileReference; explicitFileType = wrapper.framework; includeInIndex = 0; path = Pods_Shopify_App_Shopify_AppUITests.framework; sourceTree = BUILT_PRODUCTS_DIR; };
		95D942107A9CDA19A0AD03FB /* Pods-Shopify AppTests.debug.xcconfig */ = {isa = PBXFileReference; includeInIndex = 1; lastKnownFileType = text.xcconfig; name = "Pods-Shopify AppTests.debug.xcconfig"; path = "Target Support Files/Pods-Shopify AppTests/Pods-Shopify AppTests.debug.xcconfig"; sourceTree = "<group>"; };
		D8784BAC29AF680300231982 /* SplashVC.swift */ = {isa = PBXFileReference; lastKnownFileType = sourcecode.swift; path = SplashVC.swift; sourceTree = "<group>"; };
		D8784BAE29AF682E00231982 /* TabBarVC.swift */ = {isa = PBXFileReference; lastKnownFileType = sourcecode.swift; path = TabBarVC.swift; sourceTree = "<group>"; };
		D8784BB029AF688E00231982 /* splashGIF.json */ = {isa = PBXFileReference; fileEncoding = 4; lastKnownFileType = text.json; path = splashGIF.json; sourceTree = "<group>"; };
		D8E34D7E29B0DC2400590317 /* ProductCVC.swift */ = {isa = PBXFileReference; fileEncoding = 4; lastKnownFileType = sourcecode.swift; path = ProductCVC.swift; sourceTree = "<group>"; };
		D8E34D7F29B0DC2400590317 /* ProductVC.swift */ = {isa = PBXFileReference; fileEncoding = 4; lastKnownFileType = sourcecode.swift; path = ProductVC.swift; sourceTree = "<group>"; };
		D8E34D8329B0DC6C00590317 /* OrderTableViewCell.swift */ = {isa = PBXFileReference; lastKnownFileType = sourcecode.swift; path = OrderTableViewCell.swift; sourceTree = "<group>"; };
		D8E34D8529B0DC6D00590317 /* OrderVC.swift */ = {isa = PBXFileReference; lastKnownFileType = sourcecode.swift; path = OrderVC.swift; sourceTree = "<group>"; };
		D8E34D8929B0DCA100590317 /* FavourieTableViewCell.swift */ = {isa = PBXFileReference; fileEncoding = 4; lastKnownFileType = sourcecode.swift; path = FavourieTableViewCell.swift; sourceTree = "<group>"; };
		D8E34D8A29B0DCA100590317 /* FavouriteVC.swift */ = {isa = PBXFileReference; fileEncoding = 4; lastKnownFileType = sourcecode.swift; path = FavouriteVC.swift; sourceTree = "<group>"; };
		F7657BACE5A5502BC4F1A3C8 /* Pods-Shopify AppTests.release.xcconfig */ = {isa = PBXFileReference; includeInIndex = 1; lastKnownFileType = text.xcconfig; name = "Pods-Shopify AppTests.release.xcconfig"; path = "Target Support Files/Pods-Shopify AppTests/Pods-Shopify AppTests.release.xcconfig"; sourceTree = "<group>"; };
		FBB050D1A4B5081AEFC597C7 /* Pods_Shopify_AppTests.framework */ = {isa = PBXFileReference; explicitFileType = wrapper.framework; includeInIndex = 0; path = Pods_Shopify_AppTests.framework; sourceTree = BUILT_PRODUCTS_DIR; };
/* End PBXFileReference section */

/* Begin PBXFrameworksBuildPhase section */
		8C24C1E329AE777400AE390B /* Frameworks */ = {
			isa = PBXFrameworksBuildPhase;
			buildActionMask = 2147483647;
			files = (
				CC1E670976A80A8425EAD033 /* Pods_Shopify_App.framework in Frameworks */,
			);
			runOnlyForDeploymentPostprocessing = 0;
		};
		8C24C1FC29AE77BD00AE390B /* Frameworks */ = {
			isa = PBXFrameworksBuildPhase;
			buildActionMask = 2147483647;
			files = (
				3B4FCBA1192DB739F2834B78 /* Pods_Shopify_AppTests.framework in Frameworks */,
			);
			runOnlyForDeploymentPostprocessing = 0;
		};
		8C24C20629AE77BD00AE390B /* Frameworks */ = {
			isa = PBXFrameworksBuildPhase;
			buildActionMask = 2147483647;
			files = (
				DDF87E362CDE7D12C7D94216 /* Pods_Shopify_App_Shopify_AppUITests.framework in Frameworks */,
			);
			runOnlyForDeploymentPostprocessing = 0;
		};
/* End PBXFrameworksBuildPhase section */

/* Begin PBXGroup section */
		331BB3E429AF7F4C00466C97 /* Helper */ = {
			isa = PBXGroup;
			children = (
				331BB3E529AF7F4C00466C97 /* Extension */,
			);
			path = Helper;
			sourceTree = "<group>";
		};
		331BB3E529AF7F4C00466C97 /* Extension */ = {
			isa = PBXGroup;
			children = (
				331BB3E629AF7F4C00466C97 /* EXUIView.swift */,
			);
			path = Extension;
			sourceTree = "<group>";
		};
		331BB3E729AF7F4C00466C97 /* Resources */ = {
			isa = PBXGroup;
			children = (
				331BB3E829AF7F4C00466C97 /* Font */,
			);
			path = Resources;
			sourceTree = "<group>";
		};
		331BB3E829AF7F4C00466C97 /* Font */ = {
			isa = PBXGroup;
			children = (
				331BB3E929AF7F4C00466C97 /* Roboto-Medium.ttf */,
				331BB3EA29AF7F4C00466C97 /* Roboto-Light.ttf */,
				331BB3EB29AF7F4C00466C97 /* Roboto-Regular.ttf */,
				331BB3EC29AF7F4C00466C97 /* Roboto-Bold.ttf */,
				331BB3ED29AF7F4C00466C97 /* Roboto-Black.ttf */,
			);
			path = Font;
			sourceTree = "<group>";
		};
		331BB3F129AF7F4C00466C97 /* Modules */ = {
			isa = PBXGroup;
			children = (
				7BFB95F429B0EAF2002D5253 /* Me */,
				D8E34D8829B0DC8900590317 /* FavView */,
				D8E34D8729B0DC7A00590317 /* OrderView */,
				D8E34D7D29B0DC0B00590317 /* ProductView */,
				8CA6A06A29AFB3A0006809E9 /* Payment */,
				3347203129AF901600FF2F40 /* ShoppingCart */,
				D8784BAB29AF67DC00231982 /* SplashScreen */,
				331BB3F229AF7F4C00466C97 /* catagory */,
				331BB3F729AF7F4C00466C97 /* Auth */,
			);
			path = Modules;
			sourceTree = "<group>";
		};
		331BB3F229AF7F4C00466C97 /* catagory */ = {
			isa = PBXGroup;
			children = (
				331BB3F329AF7F4C00466C97 /* View */,
			);
			path = catagory;
			sourceTree = "<group>";
		};
		331BB3F329AF7F4C00466C97 /* View */ = {
			isa = PBXGroup;
			children = (
				331BB3F629AF7F4C00466C97 /* catagoryViewController.swift */,
				331BB3F429AF7F4C00466C97 /* catagoryCollectionViewCell.swift */,
				331BB3F529AF7F4C00466C97 /* catagoryCollectionViewCell.xib */,
			);
			path = View;
			sourceTree = "<group>";
		};
		331BB3F729AF7F4C00466C97 /* Auth */ = {
			isa = PBXGroup;
			children = (
				8CE299FE29AF89C1004BF111 /* View */,
			);
			path = Auth;
			sourceTree = "<group>";
		};
		3347203129AF901600FF2F40 /* ShoppingCart */ = {
			isa = PBXGroup;
			children = (
				3347203229AF901600FF2F40 /* View */,
			);
			path = ShoppingCart;
			sourceTree = "<group>";
		};
		3347203229AF901600FF2F40 /* View */ = {
			isa = PBXGroup;
			children = (
				3347203329AF901600FF2F40 /* ShoppingCartVC.swift */,
				3347203429AF901600FF2F40 /* ShoppingCartCell.swift */,
			);
			path = View;
			sourceTree = "<group>";
		};
		7BFB95F429B0EAF2002D5253 /* Me */ = {
			isa = PBXGroup;
			children = (
				7BFB95F529B0EAF9002D5253 /* View */,
			);
			path = Me;
			sourceTree = "<group>";
		};
		7BFB95F529B0EAF9002D5253 /* View */ = {
			isa = PBXGroup;
			children = (
				7BFB95FE29B0EB28002D5253 /* AboutUsVC.swift */,
				7BFB95FA29B0EB27002D5253 /* AddNewAddressVC.swift */,
				7BFB95FD29B0EB28002D5253 /* ChangeAddressCell.swift */,
				7BFB95FB29B0EB27002D5253 /* ChangeAddressVC.swift */,
				7BFB95FC29B0EB27002D5253 /* ContactUsVC.swift */,
				7BFB95F729B0EB25002D5253 /* MeVC.swift */,
				7BFB95F829B0EB26002D5253 /* OrdersTableCell.swift */,
				7BFB95F929B0EB27002D5253 /* SettingCell.swift */,
				7BFB95FF29B0EB29002D5253 /* SettingsVC.swift */,
				7BFB95F629B0EB25002D5253 /* WishListTableCell.swift */,
			);
			path = View;
			sourceTree = "<group>";
		};
		8C24C1DD29AE777300AE390B = {
			isa = PBXGroup;
			children = (
				8C24C1E829AE777400AE390B /* Shopify App */,
				8C24C20229AE77BD00AE390B /* Shopify AppTests */,
				8C24C20C29AE77BD00AE390B /* Shopify AppUITests */,
				8C24C1E729AE777400AE390B /* Products */,
				FFD7BDC28424FEE2094FCB09 /* Pods */,
				CC3AA49F5E9D90094A61E499 /* Frameworks */,
			);
			sourceTree = "<group>";
		};
		8C24C1E729AE777400AE390B /* Products */ = {
			isa = PBXGroup;
			children = (
				8C24C1E629AE777400AE390B /* Shopify App.app */,
				8C24C1FF29AE77BD00AE390B /* Shopify AppTests.xctest */,
				8C24C20929AE77BD00AE390B /* Shopify AppUITests.xctest */,
			);
			name = Products;
			sourceTree = "<group>";
		};
		8C24C1E829AE777400AE390B /* Shopify App */ = {
			isa = PBXGroup;
			children = (
				8CE29A0129AF8A5E004BF111 /* View */,
				8CE29A0029AF8A24004BF111 /* Core */,
				331BB3E429AF7F4C00466C97 /* Helper */,
				331BB3E729AF7F4C00466C97 /* Resources */,
				331BB3F129AF7F4C00466C97 /* Modules */,
				331BB40729AF806E00466C97 /* Assets.xcassets */,
				8C24C1FA29AE77BB00AE390B /* Info.plist */,
				8C24C1F229AE777500AE390B /* Shopify_App.xcdatamodeld */,
			);
			path = "Shopify App";
			sourceTree = "<group>";
		};
		8C24C20229AE77BD00AE390B /* Shopify AppTests */ = {
			isa = PBXGroup;
			children = (
				8C24C20329AE77BD00AE390B /* Shopify_AppTests.swift */,
			);
			path = "Shopify AppTests";
			sourceTree = "<group>";
		};
		8C24C20C29AE77BD00AE390B /* Shopify AppUITests */ = {
			isa = PBXGroup;
			children = (
				8C24C20D29AE77BD00AE390B /* Shopify_AppUITests.swift */,
				8C24C20F29AE77BD00AE390B /* Shopify_AppUITestsLaunchTests.swift */,
			);
			path = "Shopify AppUITests";
			sourceTree = "<group>";
		};
		8CA6A06A29AFB3A0006809E9 /* Payment */ = {
			isa = PBXGroup;
			children = (
				8CA6A06B29AFB3E8006809E9 /* View */,
			);
			path = Payment;
			sourceTree = "<group>";
		};
		8CA6A06B29AFB3E8006809E9 /* View */ = {
			isa = PBXGroup;
			children = (
				8CA6A06829AF9FD2006809E9 /* ChooseAddressCell.swift */,
				8CA6A06629AF9F98006809E9 /* ChooseAddressVC.swift */,
				8CA6A06C29AFB444006809E9 /* ConfirmPaymentVC.swift */,
				8CA6A06E29AFB4E4006809E9 /* CouponTextField.swift */,
				8CA6A07229AFCE87006809E9 /* PaymentOptionsVC.swift */,
				8CA6A07429AFCED1006809E9 /* PaymentOptionsCell.swift */,
			);
			path = View;
			sourceTree = "<group>";
		};
		8CE299FE29AF89C1004BF111 /* View */ = {
			isa = PBXGroup;
			children = (
				331BB3F929AF7F4C00466C97 /* loginViewController.swift */,
				331BB3F829AF7F4C00466C97 /* SingUpViewController.swift */,
			);
			path = View;
			sourceTree = "<group>";
		};
		8CE299FF29AF89E0004BF111 /* View */ = {
			isa = PBXGroup;
			children = (
				D8784BAC29AF680300231982 /* SplashVC.swift */,
				D8784BAE29AF682E00231982 /* TabBarVC.swift */,
			);
			path = View;
			sourceTree = "<group>";
		};
		8CE29A0029AF8A24004BF111 /* Core */ = {
			isa = PBXGroup;
			children = (
				8C24C1EB29AE777400AE390B /* SceneDelegate.swift */,
				8C24C1E929AE777400AE390B /* AppDelegate.swift */,
			);
			path = Core;
			sourceTree = "<group>";
		};
		8CE29A0129AF8A5E004BF111 /* View */ = {
			isa = PBXGroup;
			children = (
				8C24C1EF29AE777500AE390B /* Main.storyboard */,
				8C24C1F729AE77BB00AE390B /* LaunchScreen.storyboard */,
			);
			path = View;
			sourceTree = "<group>";
		};
		CC3AA49F5E9D90094A61E499 /* Frameworks */ = {
			isa = PBXGroup;
			children = (
				5ED22B020899511829DE094C /* Pods_Shopify_App.framework */,
				9093B40DFEA4B6BEA0BAF393 /* Pods_Shopify_App_Shopify_AppUITests.framework */,
				FBB050D1A4B5081AEFC597C7 /* Pods_Shopify_AppTests.framework */,
			);
			name = Frameworks;
			sourceTree = "<group>";
		};
		D8784BAB29AF67DC00231982 /* SplashScreen */ = {
			isa = PBXGroup;
			children = (
				8CE299FF29AF89E0004BF111 /* View */,
				D8784BB029AF688E00231982 /* splashGIF.json */,
			);
			path = SplashScreen;
			sourceTree = "<group>";
		};
		D8E34D7D29B0DC0B00590317 /* ProductView */ = {
			isa = PBXGroup;
			children = (
				D8E34D7E29B0DC2400590317 /* ProductCVC.swift */,
				D8E34D7F29B0DC2400590317 /* ProductVC.swift */,
			);
			path = ProductView;
			sourceTree = "<group>";
		};
		D8E34D8729B0DC7A00590317 /* OrderView */ = {
			isa = PBXGroup;
			children = (
				D8E34D8529B0DC6D00590317 /* OrderVC.swift */,
				D8E34D8329B0DC6C00590317 /* OrderTableViewCell.swift */,
			);
			path = OrderView;
			sourceTree = "<group>";
		};
		D8E34D8829B0DC8900590317 /* FavView */ = {
			isa = PBXGroup;
			children = (
				D8E34D8F29B0DD0000590317 /* Model */,
				D8E34D8E29B0DCF000590317 /* ViewModel */,
				D8E34D8D29B0DCE900590317 /* View */,
			);
			path = FavView;
			sourceTree = "<group>";
		};
		D8E34D8D29B0DCE900590317 /* View */ = {
			isa = PBXGroup;
			children = (
				D8E34D8929B0DCA100590317 /* FavourieTableViewCell.swift */,
				D8E34D8A29B0DCA100590317 /* FavouriteVC.swift */,
			);
			path = View;
			sourceTree = "<group>";
		};
		D8E34D8E29B0DCF000590317 /* ViewModel */ = {
			isa = PBXGroup;
			children = (
			);
			path = ViewModel;
			sourceTree = "<group>";
		};
		D8E34D8F29B0DD0000590317 /* Model */ = {
			isa = PBXGroup;
			children = (
			);
			path = Model;
			sourceTree = "<group>";
		};
		FFD7BDC28424FEE2094FCB09 /* Pods */ = {
			isa = PBXGroup;
			children = (
				1544CE7A805118114A50F53C /* Pods-Shopify App.debug.xcconfig */,
				301E00E7B6C488EBA538CA4B /* Pods-Shopify App.release.xcconfig */,
				6CC8966D5DEB50ADAB926022 /* Pods-Shopify App-Shopify AppUITests.debug.xcconfig */,
				24DC83E1FDA16C85CC927B3A /* Pods-Shopify App-Shopify AppUITests.release.xcconfig */,
				95D942107A9CDA19A0AD03FB /* Pods-Shopify AppTests.debug.xcconfig */,
				F7657BACE5A5502BC4F1A3C8 /* Pods-Shopify AppTests.release.xcconfig */,
			);
			path = Pods;
			sourceTree = "<group>";
		};
/* End PBXGroup section */

/* Begin PBXNativeTarget section */
		8C24C1E529AE777400AE390B /* Shopify App */ = {
			isa = PBXNativeTarget;
			buildConfigurationList = 8C24C21329AE77BD00AE390B /* Build configuration list for PBXNativeTarget "Shopify App" */;
			buildPhases = (
				85856BB93BC2BC1B603B02F8 /* [CP] Check Pods Manifest.lock */,
				8C24C1E229AE777400AE390B /* Sources */,
				8C24C1E329AE777400AE390B /* Frameworks */,
				8C24C1E429AE777400AE390B /* Resources */,
				A58C5D5E7C6A9AC366A5DB4D /* [CP] Embed Pods Frameworks */,
			);
			buildRules = (
			);
			dependencies = (
			);
			name = "Shopify App";
			productName = "Shopify App";
			productReference = 8C24C1E629AE777400AE390B /* Shopify App.app */;
			productType = "com.apple.product-type.application";
		};
		8C24C1FE29AE77BD00AE390B /* Shopify AppTests */ = {
			isa = PBXNativeTarget;
			buildConfigurationList = 8C24C21629AE77BD00AE390B /* Build configuration list for PBXNativeTarget "Shopify AppTests" */;
			buildPhases = (
				6886F313A6999740939F807D /* [CP] Check Pods Manifest.lock */,
				8C24C1FB29AE77BD00AE390B /* Sources */,
				8C24C1FC29AE77BD00AE390B /* Frameworks */,
				8C24C1FD29AE77BD00AE390B /* Resources */,
			);
			buildRules = (
			);
			dependencies = (
				8C24C20129AE77BD00AE390B /* PBXTargetDependency */,
			);
			name = "Shopify AppTests";
			productName = "Shopify AppTests";
			productReference = 8C24C1FF29AE77BD00AE390B /* Shopify AppTests.xctest */;
			productType = "com.apple.product-type.bundle.unit-test";
		};
		8C24C20829AE77BD00AE390B /* Shopify AppUITests */ = {
			isa = PBXNativeTarget;
			buildConfigurationList = 8C24C21929AE77BD00AE390B /* Build configuration list for PBXNativeTarget "Shopify AppUITests" */;
			buildPhases = (
				9F7616143A937079B346671B /* [CP] Check Pods Manifest.lock */,
				8C24C20529AE77BD00AE390B /* Sources */,
				8C24C20629AE77BD00AE390B /* Frameworks */,
				8C24C20729AE77BD00AE390B /* Resources */,
				B9525E7DDDB2395DADDB3E95 /* [CP] Embed Pods Frameworks */,
			);
			buildRules = (
			);
			dependencies = (
				8C24C20B29AE77BD00AE390B /* PBXTargetDependency */,
			);
			name = "Shopify AppUITests";
			productName = "Shopify AppUITests";
			productReference = 8C24C20929AE77BD00AE390B /* Shopify AppUITests.xctest */;
			productType = "com.apple.product-type.bundle.ui-testing";
		};
/* End PBXNativeTarget section */

/* Begin PBXProject section */
		8C24C1DE29AE777300AE390B /* Project object */ = {
			isa = PBXProject;
			attributes = {
				BuildIndependentTargetsInParallel = 1;
				LastSwiftUpdateCheck = 1420;
				LastUpgradeCheck = 1420;
				TargetAttributes = {
					8C24C1E529AE777400AE390B = {
						CreatedOnToolsVersion = 14.2;
					};
					8C24C1FE29AE77BD00AE390B = {
						CreatedOnToolsVersion = 14.2;
						TestTargetID = 8C24C1E529AE777400AE390B;
					};
					8C24C20829AE77BD00AE390B = {
						CreatedOnToolsVersion = 14.2;
						TestTargetID = 8C24C1E529AE777400AE390B;
					};
				};
			};
			buildConfigurationList = 8C24C1E129AE777300AE390B /* Build configuration list for PBXProject "Shopify App" */;
			compatibilityVersion = "Xcode 14.0";
			developmentRegion = en;
			hasScannedForEncodings = 0;
			knownRegions = (
				en,
				Base,
			);
			mainGroup = 8C24C1DD29AE777300AE390B;
			productRefGroup = 8C24C1E729AE777400AE390B /* Products */;
			projectDirPath = "";
			projectRoot = "";
			targets = (
				8C24C1E529AE777400AE390B /* Shopify App */,
				8C24C1FE29AE77BD00AE390B /* Shopify AppTests */,
				8C24C20829AE77BD00AE390B /* Shopify AppUITests */,
			);
		};
/* End PBXProject section */

/* Begin PBXResourcesBuildPhase section */
		8C24C1E429AE777400AE390B /* Resources */ = {
			isa = PBXResourcesBuildPhase;
			buildActionMask = 2147483647;
			files = (
				331BB3FB29AF7F4C00466C97 /* Roboto-Medium.ttf in Resources */,
				331BB3FD29AF7F4C00466C97 /* Roboto-Regular.ttf in Resources */,
				331BB40329AF7F4C00466C97 /* catagoryCollectionViewCell.xib in Resources */,
				8C24C1F929AE77BB00AE390B /* LaunchScreen.storyboard in Resources */,
				331BB40829AF806F00466C97 /* Assets.xcassets in Resources */,
				331BB3FC29AF7F4C00466C97 /* Roboto-Light.ttf in Resources */,
				331BB3FF29AF7F4C00466C97 /* Roboto-Black.ttf in Resources */,
				8C24C1F129AE777500AE390B /* Main.storyboard in Resources */,
				331BB3FE29AF7F4C00466C97 /* Roboto-Bold.ttf in Resources */,
				D8784BB129AF688E00231982 /* splashGIF.json in Resources */,
			);
			runOnlyForDeploymentPostprocessing = 0;
		};
		8C24C1FD29AE77BD00AE390B /* Resources */ = {
			isa = PBXResourcesBuildPhase;
			buildActionMask = 2147483647;
			files = (
			);
			runOnlyForDeploymentPostprocessing = 0;
		};
		8C24C20729AE77BD00AE390B /* Resources */ = {
			isa = PBXResourcesBuildPhase;
			buildActionMask = 2147483647;
			files = (
			);
			runOnlyForDeploymentPostprocessing = 0;
		};
/* End PBXResourcesBuildPhase section */

/* Begin PBXShellScriptBuildPhase section */
		6886F313A6999740939F807D /* [CP] Check Pods Manifest.lock */ = {
			isa = PBXShellScriptBuildPhase;
			buildActionMask = 2147483647;
			files = (
			);
			inputFileListPaths = (
			);
			inputPaths = (
				"${PODS_PODFILE_DIR_PATH}/Podfile.lock",
				"${PODS_ROOT}/Manifest.lock",
			);
			name = "[CP] Check Pods Manifest.lock";
			outputFileListPaths = (
			);
			outputPaths = (
				"$(DERIVED_FILE_DIR)/Pods-Shopify AppTests-checkManifestLockResult.txt",
			);
			runOnlyForDeploymentPostprocessing = 0;
			shellPath = /bin/sh;
			shellScript = "diff \"${PODS_PODFILE_DIR_PATH}/Podfile.lock\" \"${PODS_ROOT}/Manifest.lock\" > /dev/null\nif [ $? != 0 ] ; then\n    # print error to STDERR\n    echo \"error: The sandbox is not in sync with the Podfile.lock. Run 'pod install' or update your CocoaPods installation.\" >&2\n    exit 1\nfi\n# This output is used by Xcode 'outputs' to avoid re-running this script phase.\necho \"SUCCESS\" > \"${SCRIPT_OUTPUT_FILE_0}\"\n";
			showEnvVarsInLog = 0;
		};
		85856BB93BC2BC1B603B02F8 /* [CP] Check Pods Manifest.lock */ = {
			isa = PBXShellScriptBuildPhase;
			buildActionMask = 2147483647;
			files = (
			);
			inputFileListPaths = (
			);
			inputPaths = (
				"${PODS_PODFILE_DIR_PATH}/Podfile.lock",
				"${PODS_ROOT}/Manifest.lock",
			);
			name = "[CP] Check Pods Manifest.lock";
			outputFileListPaths = (
			);
			outputPaths = (
				"$(DERIVED_FILE_DIR)/Pods-Shopify App-checkManifestLockResult.txt",
			);
			runOnlyForDeploymentPostprocessing = 0;
			shellPath = /bin/sh;
			shellScript = "diff \"${PODS_PODFILE_DIR_PATH}/Podfile.lock\" \"${PODS_ROOT}/Manifest.lock\" > /dev/null\nif [ $? != 0 ] ; then\n    # print error to STDERR\n    echo \"error: The sandbox is not in sync with the Podfile.lock. Run 'pod install' or update your CocoaPods installation.\" >&2\n    exit 1\nfi\n# This output is used by Xcode 'outputs' to avoid re-running this script phase.\necho \"SUCCESS\" > \"${SCRIPT_OUTPUT_FILE_0}\"\n";
			showEnvVarsInLog = 0;
		};
		9F7616143A937079B346671B /* [CP] Check Pods Manifest.lock */ = {
			isa = PBXShellScriptBuildPhase;
			buildActionMask = 2147483647;
			files = (
			);
			inputFileListPaths = (
			);
			inputPaths = (
				"${PODS_PODFILE_DIR_PATH}/Podfile.lock",
				"${PODS_ROOT}/Manifest.lock",
			);
			name = "[CP] Check Pods Manifest.lock";
			outputFileListPaths = (
			);
			outputPaths = (
				"$(DERIVED_FILE_DIR)/Pods-Shopify App-Shopify AppUITests-checkManifestLockResult.txt",
			);
			runOnlyForDeploymentPostprocessing = 0;
			shellPath = /bin/sh;
			shellScript = "diff \"${PODS_PODFILE_DIR_PATH}/Podfile.lock\" \"${PODS_ROOT}/Manifest.lock\" > /dev/null\nif [ $? != 0 ] ; then\n    # print error to STDERR\n    echo \"error: The sandbox is not in sync with the Podfile.lock. Run 'pod install' or update your CocoaPods installation.\" >&2\n    exit 1\nfi\n# This output is used by Xcode 'outputs' to avoid re-running this script phase.\necho \"SUCCESS\" > \"${SCRIPT_OUTPUT_FILE_0}\"\n";
			showEnvVarsInLog = 0;
		};
		A58C5D5E7C6A9AC366A5DB4D /* [CP] Embed Pods Frameworks */ = {
			isa = PBXShellScriptBuildPhase;
			buildActionMask = 2147483647;
			files = (
			);
			inputFileListPaths = (
				"${PODS_ROOT}/Target Support Files/Pods-Shopify App/Pods-Shopify App-frameworks-${CONFIGURATION}-input-files.xcfilelist",
			);
			name = "[CP] Embed Pods Frameworks";
			outputFileListPaths = (
				"${PODS_ROOT}/Target Support Files/Pods-Shopify App/Pods-Shopify App-frameworks-${CONFIGURATION}-output-files.xcfilelist",
			);
			runOnlyForDeploymentPostprocessing = 0;
			shellPath = /bin/sh;
			shellScript = "\"${PODS_ROOT}/Target Support Files/Pods-Shopify App/Pods-Shopify App-frameworks.sh\"\n";
			showEnvVarsInLog = 0;
		};
		B9525E7DDDB2395DADDB3E95 /* [CP] Embed Pods Frameworks */ = {
			isa = PBXShellScriptBuildPhase;
			buildActionMask = 2147483647;
			files = (
			);
			inputFileListPaths = (
				"${PODS_ROOT}/Target Support Files/Pods-Shopify App-Shopify AppUITests/Pods-Shopify App-Shopify AppUITests-frameworks-${CONFIGURATION}-input-files.xcfilelist",
			);
			name = "[CP] Embed Pods Frameworks";
			outputFileListPaths = (
				"${PODS_ROOT}/Target Support Files/Pods-Shopify App-Shopify AppUITests/Pods-Shopify App-Shopify AppUITests-frameworks-${CONFIGURATION}-output-files.xcfilelist",
			);
			runOnlyForDeploymentPostprocessing = 0;
			shellPath = /bin/sh;
			shellScript = "\"${PODS_ROOT}/Target Support Files/Pods-Shopify App-Shopify AppUITests/Pods-Shopify App-Shopify AppUITests-frameworks.sh\"\n";
			showEnvVarsInLog = 0;
		};
/* End PBXShellScriptBuildPhase section */

/* Begin PBXSourcesBuildPhase section */
		8C24C1E229AE777400AE390B /* Sources */ = {
			isa = PBXSourcesBuildPhase;
			buildActionMask = 2147483647;
			files = (
				331BB3FA29AF7F4C00466C97 /* EXUIView.swift in Sources */,
				7BFB960629B0EB29002D5253 /* ContactUsVC.swift in Sources */,
				7BFB960429B0EB29002D5253 /* AddNewAddressVC.swift in Sources */,
				8CA6A06729AF9F98006809E9 /* ChooseAddressVC.swift in Sources */,
				7BFB960529B0EB29002D5253 /* ChangeAddressVC.swift in Sources */,
				D8E34D8C29B0DCA100590317 /* FavouriteVC.swift in Sources */,
				8CA6A06D29AFB444006809E9 /* ConfirmPaymentVC.swift in Sources */,
				D8E34D8B29B0DCA100590317 /* FavourieTableViewCell.swift in Sources */,
				7BFB960229B0EB29002D5253 /* OrdersTableCell.swift in Sources */,
				D8E34D8429B0DC6C00590317 /* OrderTableViewCell.swift in Sources */,
				7BFB960829B0EB29002D5253 /* AboutUsVC.swift in Sources */,
				D8784BAD29AF680300231982 /* SplashVC.swift in Sources */,
				8C24C1EA29AE777400AE390B /* AppDelegate.swift in Sources */,
				331BB40629AF7F4C00466C97 /* loginViewController.swift in Sources */,
				331BB40429AF7F4C00466C97 /* catagoryViewController.swift in Sources */,
				8CA6A07529AFCED2006809E9 /* PaymentOptionsCell.swift in Sources */,
				D8E34D8129B0DC2400590317 /* ProductVC.swift in Sources */,
				7BFB960929B0EB29002D5253 /* SettingsVC.swift in Sources */,
				7BFB960029B0EB29002D5253 /* WishListTableCell.swift in Sources */,
				8C24C1F429AE777500AE390B /* Shopify_App.xcdatamodeld in Sources */,
				8CA6A07329AFCE87006809E9 /* PaymentOptionsVC.swift in Sources */,
				8CA6A06929AF9FD2006809E9 /* ChooseAddressCell.swift in Sources */,
				D8784BAF29AF682E00231982 /* TabBarVC.swift in Sources */,
				7BFB960329B0EB29002D5253 /* SettingCell.swift in Sources */,
				D8E34D8029B0DC2400590317 /* ProductCVC.swift in Sources */,
				3347203629AF901600FF2F40 /* ShoppingCartCell.swift in Sources */,
				331BB40229AF7F4C00466C97 /* catagoryCollectionViewCell.swift in Sources */,
				3347203529AF901600FF2F40 /* ShoppingCartVC.swift in Sources */,
				8CA6A06F29AFB4E4006809E9 /* CouponTextField.swift in Sources */,
				7BFB960129B0EB29002D5253 /* MeVC.swift in Sources */,
				D8E34D8629B0DC6D00590317 /* OrderVC.swift in Sources */,
				331BB40529AF7F4C00466C97 /* SingUpViewController.swift in Sources */,
				7BFB960729B0EB29002D5253 /* ChangeAddressCell.swift in Sources */,
				8C24C1EC29AE777400AE390B /* SceneDelegate.swift in Sources */,
			);
			runOnlyForDeploymentPostprocessing = 0;
		};
		8C24C1FB29AE77BD00AE390B /* Sources */ = {
			isa = PBXSourcesBuildPhase;
			buildActionMask = 2147483647;
			files = (
				8C24C20429AE77BD00AE390B /* Shopify_AppTests.swift in Sources */,
			);
			runOnlyForDeploymentPostprocessing = 0;
		};
		8C24C20529AE77BD00AE390B /* Sources */ = {
			isa = PBXSourcesBuildPhase;
			buildActionMask = 2147483647;
			files = (
				8C24C20E29AE77BD00AE390B /* Shopify_AppUITests.swift in Sources */,
				8C24C21029AE77BD00AE390B /* Shopify_AppUITestsLaunchTests.swift in Sources */,
			);
			runOnlyForDeploymentPostprocessing = 0;
		};
/* End PBXSourcesBuildPhase section */

/* Begin PBXTargetDependency section */
		8C24C20129AE77BD00AE390B /* PBXTargetDependency */ = {
			isa = PBXTargetDependency;
			target = 8C24C1E529AE777400AE390B /* Shopify App */;
			targetProxy = 8C24C20029AE77BD00AE390B /* PBXContainerItemProxy */;
		};
		8C24C20B29AE77BD00AE390B /* PBXTargetDependency */ = {
			isa = PBXTargetDependency;
			target = 8C24C1E529AE777400AE390B /* Shopify App */;
			targetProxy = 8C24C20A29AE77BD00AE390B /* PBXContainerItemProxy */;
		};
/* End PBXTargetDependency section */

/* Begin PBXVariantGroup section */
		8C24C1EF29AE777500AE390B /* Main.storyboard */ = {
			isa = PBXVariantGroup;
			children = (
				8C24C1F029AE777500AE390B /* Base */,
			);
			name = Main.storyboard;
			sourceTree = "<group>";
		};
		8C24C1F729AE77BB00AE390B /* LaunchScreen.storyboard */ = {
			isa = PBXVariantGroup;
			children = (
				8C24C1F829AE77BB00AE390B /* Base */,
			);
			name = LaunchScreen.storyboard;
			sourceTree = "<group>";
		};
/* End PBXVariantGroup section */

/* Begin XCBuildConfiguration section */
		8C24C21129AE77BD00AE390B /* Debug */ = {
			isa = XCBuildConfiguration;
			buildSettings = {
				ALWAYS_SEARCH_USER_PATHS = NO;
				CLANG_ANALYZER_NONNULL = YES;
				CLANG_ANALYZER_NUMBER_OBJECT_CONVERSION = YES_AGGRESSIVE;
				CLANG_CXX_LANGUAGE_STANDARD = "gnu++20";
				CLANG_ENABLE_MODULES = YES;
				CLANG_ENABLE_OBJC_ARC = YES;
				CLANG_ENABLE_OBJC_WEAK = YES;
				CLANG_WARN_BLOCK_CAPTURE_AUTORELEASING = YES;
				CLANG_WARN_BOOL_CONVERSION = YES;
				CLANG_WARN_COMMA = YES;
				CLANG_WARN_CONSTANT_CONVERSION = YES;
				CLANG_WARN_DEPRECATED_OBJC_IMPLEMENTATIONS = YES;
				CLANG_WARN_DIRECT_OBJC_ISA_USAGE = YES_ERROR;
				CLANG_WARN_DOCUMENTATION_COMMENTS = YES;
				CLANG_WARN_EMPTY_BODY = YES;
				CLANG_WARN_ENUM_CONVERSION = YES;
				CLANG_WARN_INFINITE_RECURSION = YES;
				CLANG_WARN_INT_CONVERSION = YES;
				CLANG_WARN_NON_LITERAL_NULL_CONVERSION = YES;
				CLANG_WARN_OBJC_IMPLICIT_RETAIN_SELF = YES;
				CLANG_WARN_OBJC_LITERAL_CONVERSION = YES;
				CLANG_WARN_OBJC_ROOT_CLASS = YES_ERROR;
				CLANG_WARN_QUOTED_INCLUDE_IN_FRAMEWORK_HEADER = YES;
				CLANG_WARN_RANGE_LOOP_ANALYSIS = YES;
				CLANG_WARN_STRICT_PROTOTYPES = YES;
				CLANG_WARN_SUSPICIOUS_MOVE = YES;
				CLANG_WARN_UNGUARDED_AVAILABILITY = YES_AGGRESSIVE;
				CLANG_WARN_UNREACHABLE_CODE = YES;
				CLANG_WARN__DUPLICATE_METHOD_MATCH = YES;
				COPY_PHASE_STRIP = NO;
				DEBUG_INFORMATION_FORMAT = dwarf;
				ENABLE_STRICT_OBJC_MSGSEND = YES;
				ENABLE_TESTABILITY = YES;
				GCC_C_LANGUAGE_STANDARD = gnu11;
				GCC_DYNAMIC_NO_PIC = NO;
				GCC_NO_COMMON_BLOCKS = YES;
				GCC_OPTIMIZATION_LEVEL = 0;
				GCC_PREPROCESSOR_DEFINITIONS = (
					"DEBUG=1",
					"$(inherited)",
				);
				GCC_WARN_64_TO_32_BIT_CONVERSION = YES;
				GCC_WARN_ABOUT_RETURN_TYPE = YES_ERROR;
				GCC_WARN_UNDECLARED_SELECTOR = YES;
				GCC_WARN_UNINITIALIZED_AUTOS = YES_AGGRESSIVE;
				GCC_WARN_UNUSED_FUNCTION = YES;
				GCC_WARN_UNUSED_VARIABLE = YES;
				IPHONEOS_DEPLOYMENT_TARGET = 16.2;
				MTL_ENABLE_DEBUG_INFO = INCLUDE_SOURCE;
				MTL_FAST_MATH = YES;
				ONLY_ACTIVE_ARCH = YES;
				SDKROOT = iphoneos;
				SWIFT_ACTIVE_COMPILATION_CONDITIONS = DEBUG;
				SWIFT_OPTIMIZATION_LEVEL = "-Onone";
			};
			name = Debug;
		};
		8C24C21229AE77BD00AE390B /* Release */ = {
			isa = XCBuildConfiguration;
			buildSettings = {
				ALWAYS_SEARCH_USER_PATHS = NO;
				CLANG_ANALYZER_NONNULL = YES;
				CLANG_ANALYZER_NUMBER_OBJECT_CONVERSION = YES_AGGRESSIVE;
				CLANG_CXX_LANGUAGE_STANDARD = "gnu++20";
				CLANG_ENABLE_MODULES = YES;
				CLANG_ENABLE_OBJC_ARC = YES;
				CLANG_ENABLE_OBJC_WEAK = YES;
				CLANG_WARN_BLOCK_CAPTURE_AUTORELEASING = YES;
				CLANG_WARN_BOOL_CONVERSION = YES;
				CLANG_WARN_COMMA = YES;
				CLANG_WARN_CONSTANT_CONVERSION = YES;
				CLANG_WARN_DEPRECATED_OBJC_IMPLEMENTATIONS = YES;
				CLANG_WARN_DIRECT_OBJC_ISA_USAGE = YES_ERROR;
				CLANG_WARN_DOCUMENTATION_COMMENTS = YES;
				CLANG_WARN_EMPTY_BODY = YES;
				CLANG_WARN_ENUM_CONVERSION = YES;
				CLANG_WARN_INFINITE_RECURSION = YES;
				CLANG_WARN_INT_CONVERSION = YES;
				CLANG_WARN_NON_LITERAL_NULL_CONVERSION = YES;
				CLANG_WARN_OBJC_IMPLICIT_RETAIN_SELF = YES;
				CLANG_WARN_OBJC_LITERAL_CONVERSION = YES;
				CLANG_WARN_OBJC_ROOT_CLASS = YES_ERROR;
				CLANG_WARN_QUOTED_INCLUDE_IN_FRAMEWORK_HEADER = YES;
				CLANG_WARN_RANGE_LOOP_ANALYSIS = YES;
				CLANG_WARN_STRICT_PROTOTYPES = YES;
				CLANG_WARN_SUSPICIOUS_MOVE = YES;
				CLANG_WARN_UNGUARDED_AVAILABILITY = YES_AGGRESSIVE;
				CLANG_WARN_UNREACHABLE_CODE = YES;
				CLANG_WARN__DUPLICATE_METHOD_MATCH = YES;
				COPY_PHASE_STRIP = NO;
				DEBUG_INFORMATION_FORMAT = "dwarf-with-dsym";
				ENABLE_NS_ASSERTIONS = NO;
				ENABLE_STRICT_OBJC_MSGSEND = YES;
				GCC_C_LANGUAGE_STANDARD = gnu11;
				GCC_NO_COMMON_BLOCKS = YES;
				GCC_WARN_64_TO_32_BIT_CONVERSION = YES;
				GCC_WARN_ABOUT_RETURN_TYPE = YES_ERROR;
				GCC_WARN_UNDECLARED_SELECTOR = YES;
				GCC_WARN_UNINITIALIZED_AUTOS = YES_AGGRESSIVE;
				GCC_WARN_UNUSED_FUNCTION = YES;
				GCC_WARN_UNUSED_VARIABLE = YES;
				IPHONEOS_DEPLOYMENT_TARGET = 16.2;
				MTL_ENABLE_DEBUG_INFO = NO;
				MTL_FAST_MATH = YES;
				SDKROOT = iphoneos;
				SWIFT_COMPILATION_MODE = wholemodule;
				SWIFT_OPTIMIZATION_LEVEL = "-O";
				VALIDATE_PRODUCT = YES;
			};
			name = Release;
		};
		8C24C21429AE77BD00AE390B /* Debug */ = {
			isa = XCBuildConfiguration;
			baseConfigurationReference = 1544CE7A805118114A50F53C /* Pods-Shopify App.debug.xcconfig */;
			buildSettings = {
				ASSETCATALOG_COMPILER_APPICON_NAME = AppIcon;
				ASSETCATALOG_COMPILER_GLOBAL_ACCENT_COLOR_NAME = AccentColor;
				CODE_SIGN_STYLE = Automatic;
				CURRENT_PROJECT_VERSION = 1;
				GENERATE_INFOPLIST_FILE = YES;
				INFOPLIST_FILE = "Shopify App/Info.plist";
				INFOPLIST_KEY_UIApplicationSupportsIndirectInputEvents = YES;
				INFOPLIST_KEY_UILaunchStoryboardName = LaunchScreen;
				INFOPLIST_KEY_UIMainStoryboardFile = Main;
				INFOPLIST_KEY_UISupportedInterfaceOrientations_iPad = "UIInterfaceOrientationPortrait UIInterfaceOrientationPortraitUpsideDown UIInterfaceOrientationLandscapeLeft UIInterfaceOrientationLandscapeRight";
				INFOPLIST_KEY_UISupportedInterfaceOrientations_iPhone = "UIInterfaceOrientationPortrait UIInterfaceOrientationLandscapeLeft UIInterfaceOrientationLandscapeRight";
				LD_RUNPATH_SEARCH_PATHS = (
					"$(inherited)",
					"@executable_path/Frameworks",
				);
				MARKETING_VERSION = 1.0;
				PRODUCT_BUNDLE_IDENTIFIER = "iti.Shopify-App";
				PRODUCT_NAME = "$(TARGET_NAME)";
				SWIFT_EMIT_LOC_STRINGS = YES;
				SWIFT_VERSION = 5.0;
				TARGETED_DEVICE_FAMILY = "1,2";
			};
			name = Debug;
		};
		8C24C21529AE77BD00AE390B /* Release */ = {
			isa = XCBuildConfiguration;
			baseConfigurationReference = 301E00E7B6C488EBA538CA4B /* Pods-Shopify App.release.xcconfig */;
			buildSettings = {
				ASSETCATALOG_COMPILER_APPICON_NAME = AppIcon;
				ASSETCATALOG_COMPILER_GLOBAL_ACCENT_COLOR_NAME = AccentColor;
				CODE_SIGN_STYLE = Automatic;
				CURRENT_PROJECT_VERSION = 1;
				GENERATE_INFOPLIST_FILE = YES;
				INFOPLIST_FILE = "Shopify App/Info.plist";
				INFOPLIST_KEY_UIApplicationSupportsIndirectInputEvents = YES;
				INFOPLIST_KEY_UILaunchStoryboardName = LaunchScreen;
				INFOPLIST_KEY_UIMainStoryboardFile = Main;
				INFOPLIST_KEY_UISupportedInterfaceOrientations_iPad = "UIInterfaceOrientationPortrait UIInterfaceOrientationPortraitUpsideDown UIInterfaceOrientationLandscapeLeft UIInterfaceOrientationLandscapeRight";
				INFOPLIST_KEY_UISupportedInterfaceOrientations_iPhone = "UIInterfaceOrientationPortrait UIInterfaceOrientationLandscapeLeft UIInterfaceOrientationLandscapeRight";
				LD_RUNPATH_SEARCH_PATHS = (
					"$(inherited)",
					"@executable_path/Frameworks",
				);
				MARKETING_VERSION = 1.0;
				PRODUCT_BUNDLE_IDENTIFIER = "iti.Shopify-App";
				PRODUCT_NAME = "$(TARGET_NAME)";
				SWIFT_EMIT_LOC_STRINGS = YES;
				SWIFT_VERSION = 5.0;
				TARGETED_DEVICE_FAMILY = "1,2";
			};
			name = Release;
		};
		8C24C21729AE77BD00AE390B /* Debug */ = {
			isa = XCBuildConfiguration;
			baseConfigurationReference = 95D942107A9CDA19A0AD03FB /* Pods-Shopify AppTests.debug.xcconfig */;
			buildSettings = {
				ALWAYS_EMBED_SWIFT_STANDARD_LIBRARIES = YES;
				BUNDLE_LOADER = "$(TEST_HOST)";
				CODE_SIGN_STYLE = Automatic;
				CURRENT_PROJECT_VERSION = 1;
				GENERATE_INFOPLIST_FILE = YES;
				IPHONEOS_DEPLOYMENT_TARGET = 16.2;
				MARKETING_VERSION = 1.0;
				PRODUCT_BUNDLE_IDENTIFIER = "iti.Shopify-AppTests";
				PRODUCT_NAME = "$(TARGET_NAME)";
				SWIFT_EMIT_LOC_STRINGS = NO;
				SWIFT_VERSION = 5.0;
				TARGETED_DEVICE_FAMILY = "1,2";
				TEST_HOST = "$(BUILT_PRODUCTS_DIR)/Shopify App.app/$(BUNDLE_EXECUTABLE_FOLDER_PATH)/Shopify App";
			};
			name = Debug;
		};
		8C24C21829AE77BD00AE390B /* Release */ = {
			isa = XCBuildConfiguration;
			baseConfigurationReference = F7657BACE5A5502BC4F1A3C8 /* Pods-Shopify AppTests.release.xcconfig */;
			buildSettings = {
				ALWAYS_EMBED_SWIFT_STANDARD_LIBRARIES = YES;
				BUNDLE_LOADER = "$(TEST_HOST)";
				CODE_SIGN_STYLE = Automatic;
				CURRENT_PROJECT_VERSION = 1;
				GENERATE_INFOPLIST_FILE = YES;
				IPHONEOS_DEPLOYMENT_TARGET = 16.2;
				MARKETING_VERSION = 1.0;
				PRODUCT_BUNDLE_IDENTIFIER = "iti.Shopify-AppTests";
				PRODUCT_NAME = "$(TARGET_NAME)";
				SWIFT_EMIT_LOC_STRINGS = NO;
				SWIFT_VERSION = 5.0;
				TARGETED_DEVICE_FAMILY = "1,2";
				TEST_HOST = "$(BUILT_PRODUCTS_DIR)/Shopify App.app/$(BUNDLE_EXECUTABLE_FOLDER_PATH)/Shopify App";
			};
			name = Release;
		};
		8C24C21A29AE77BD00AE390B /* Debug */ = {
			isa = XCBuildConfiguration;
			baseConfigurationReference = 6CC8966D5DEB50ADAB926022 /* Pods-Shopify App-Shopify AppUITests.debug.xcconfig */;
			buildSettings = {
				ALWAYS_EMBED_SWIFT_STANDARD_LIBRARIES = YES;
				CODE_SIGN_STYLE = Automatic;
				CURRENT_PROJECT_VERSION = 1;
				GENERATE_INFOPLIST_FILE = YES;
				MARKETING_VERSION = 1.0;
				PRODUCT_BUNDLE_IDENTIFIER = "iti.Shopify-AppUITests";
				PRODUCT_NAME = "$(TARGET_NAME)";
				SWIFT_EMIT_LOC_STRINGS = NO;
				SWIFT_VERSION = 5.0;
				TARGETED_DEVICE_FAMILY = "1,2";
				TEST_TARGET_NAME = "Shopify App";
			};
			name = Debug;
		};
		8C24C21B29AE77BD00AE390B /* Release */ = {
			isa = XCBuildConfiguration;
			baseConfigurationReference = 24DC83E1FDA16C85CC927B3A /* Pods-Shopify App-Shopify AppUITests.release.xcconfig */;
			buildSettings = {
				ALWAYS_EMBED_SWIFT_STANDARD_LIBRARIES = YES;
				CODE_SIGN_STYLE = Automatic;
				CURRENT_PROJECT_VERSION = 1;
				GENERATE_INFOPLIST_FILE = YES;
				MARKETING_VERSION = 1.0;
				PRODUCT_BUNDLE_IDENTIFIER = "iti.Shopify-AppUITests";
				PRODUCT_NAME = "$(TARGET_NAME)";
				SWIFT_EMIT_LOC_STRINGS = NO;
				SWIFT_VERSION = 5.0;
				TARGETED_DEVICE_FAMILY = "1,2";
				TEST_TARGET_NAME = "Shopify App";
			};
			name = Release;
		};
/* End XCBuildConfiguration section */

/* Begin XCConfigurationList section */
		8C24C1E129AE777300AE390B /* Build configuration list for PBXProject "Shopify App" */ = {
			isa = XCConfigurationList;
			buildConfigurations = (
				8C24C21129AE77BD00AE390B /* Debug */,
				8C24C21229AE77BD00AE390B /* Release */,
			);
			defaultConfigurationIsVisible = 0;
			defaultConfigurationName = Release;
		};
		8C24C21329AE77BD00AE390B /* Build configuration list for PBXNativeTarget "Shopify App" */ = {
			isa = XCConfigurationList;
			buildConfigurations = (
				8C24C21429AE77BD00AE390B /* Debug */,
				8C24C21529AE77BD00AE390B /* Release */,
			);
			defaultConfigurationIsVisible = 0;
			defaultConfigurationName = Release;
		};
		8C24C21629AE77BD00AE390B /* Build configuration list for PBXNativeTarget "Shopify AppTests" */ = {
			isa = XCConfigurationList;
			buildConfigurations = (
				8C24C21729AE77BD00AE390B /* Debug */,
				8C24C21829AE77BD00AE390B /* Release */,
			);
			defaultConfigurationIsVisible = 0;
			defaultConfigurationName = Release;
		};
		8C24C21929AE77BD00AE390B /* Build configuration list for PBXNativeTarget "Shopify AppUITests" */ = {
			isa = XCConfigurationList;
			buildConfigurations = (
				8C24C21A29AE77BD00AE390B /* Debug */,
				8C24C21B29AE77BD00AE390B /* Release */,
			);
			defaultConfigurationIsVisible = 0;
			defaultConfigurationName = Release;
		};
/* End XCConfigurationList section */

/* Begin XCVersionGroup section */
		8C24C1F229AE777500AE390B /* Shopify_App.xcdatamodeld */ = {
			isa = XCVersionGroup;
			children = (
				8C24C1F329AE777500AE390B /* Shopify_App.xcdatamodel */,
			);
			currentVersion = 8C24C1F329AE777500AE390B /* Shopify_App.xcdatamodel */;
			path = Shopify_App.xcdatamodeld;
			sourceTree = "<group>";
			versionGroupType = wrapper.xcdatamodel;
		};
/* End XCVersionGroup section */
	};
	rootObject = 8C24C1DE29AE777300AE390B /* Project object */;
}
