// !$*UTF8*$!
{
	archiveVersion = 1;
	classes = {
	};
	objectVersion = 56;
	objects = {

/* Begin PBXBuildFile section */
		331BB3FB29AF7F4C00466C97 /* Roboto-Medium.ttf in Resources */ = {isa = PBXBuildFile; fileRef = 331BB3E929AF7F4C00466C97 /* Roboto-Medium.ttf */; };
		331BB3FC29AF7F4C00466C97 /* Roboto-Light.ttf in Resources */ = {isa = PBXBuildFile; fileRef = 331BB3EA29AF7F4C00466C97 /* Roboto-Light.ttf */; };
		331BB3FD29AF7F4C00466C97 /* Roboto-Regular.ttf in Resources */ = {isa = PBXBuildFile; fileRef = 331BB3EB29AF7F4C00466C97 /* Roboto-Regular.ttf */; };
		331BB3FE29AF7F4C00466C97 /* Roboto-Bold.ttf in Resources */ = {isa = PBXBuildFile; fileRef = 331BB3EC29AF7F4C00466C97 /* Roboto-Bold.ttf */; };
		331BB3FF29AF7F4C00466C97 /* Roboto-Black.ttf in Resources */ = {isa = PBXBuildFile; fileRef = 331BB3ED29AF7F4C00466C97 /* Roboto-Black.ttf */; };
		331BB40829AF806F00466C97 /* Assets.xcassets in Resources */ = {isa = PBXBuildFile; fileRef = 331BB40729AF806E00466C97 /* Assets.xcassets */; };
		3340090829BAC5B600BFE845 /* HomeCollectionViewDataSource.swift in Sources */ = {isa = PBXBuildFile; fileRef = 3340090729BAC5B600BFE845 /* HomeCollectionViewDataSource.swift */; };
		3340090B29BAC6B500BFE845 /* HomeViewModel .swift in Sources */ = {isa = PBXBuildFile; fileRef = 3340090A29BAC6B500BFE845 /* HomeViewModel .swift */; };
		3340090D29BAD1FE00BFE845 /* ProductCollectionViewDataSource.swift in Sources */ = {isa = PBXBuildFile; fileRef = 3340090C29BAD1FE00BFE845 /* ProductCollectionViewDataSource.swift */; };
		3340091029BAD26500BFE845 /* ProductViewModel .swift in Sources */ = {isa = PBXBuildFile; fileRef = 3340090F29BAD26500BFE845 /* ProductViewModel .swift */; };
		335D05D629B219B300D0F39D /* Kingfisher in Frameworks */ = {isa = PBXBuildFile; productRef = 335D05D529B219B300D0F39D /* Kingfisher */; };
		336C253729B62B6200C78A98 /* CreateAddressVC.swift in Sources */ = {isa = PBXBuildFile; fileRef = 336C253629B62B6100C78A98 /* CreateAddressVC.swift */; };
		336C253A29B62DA000C78A98 /* Customer.swift in Sources */ = {isa = PBXBuildFile; fileRef = 336C253929B62DA000C78A98 /* Customer.swift */; };
		336C253C29B62FF100C78A98 /* Encodable + extension.swift in Sources */ = {isa = PBXBuildFile; fileRef = 336C253B29B62FF100C78A98 /* Encodable + extension.swift */; };
		336C253E29B6318D00C78A98 /* URLs.swift in Sources */ = {isa = PBXBuildFile; fileRef = 336C253D29B6318D00C78A98 /* URLs.swift */; };
		336C254029B632A700C78A98 /* Helper.swift in Sources */ = {isa = PBXBuildFile; fileRef = 336C253F29B632A700C78A98 /* Helper.swift */; };
		336C254229B632E500C78A98 /* Networking.swift in Sources */ = {isa = PBXBuildFile; fileRef = 336C254129B632E500C78A98 /* Networking.swift */; };
		336C254429B634A600C78A98 /* ViewController + Extension.swift in Sources */ = {isa = PBXBuildFile; fileRef = 336C254329B634A600C78A98 /* ViewController + Extension.swift */; };
		336C254729B6654700C78A98 /* AddressVC.swift in Sources */ = {isa = PBXBuildFile; fileRef = 336C254529B6654700C78A98 /* AddressVC.swift */; };
		336C254829B6654700C78A98 /* AddressTableVC.swift in Sources */ = {isa = PBXBuildFile; fileRef = 336C254629B6654700C78A98 /* AddressTableVC.swift */; };
		336C254B29B665AB00C78A98 /* AddressViewModel.swift in Sources */ = {isa = PBXBuildFile; fileRef = 336C254A29B665AB00C78A98 /* AddressViewModel.swift */; };
		336C254F29B6666900C78A98 /* CoreDataServices.swift in Sources */ = {isa = PBXBuildFile; fileRef = 336C254E29B6666900C78A98 /* CoreDataServices.swift */; };
		33714F5029BA3BC700845B9B /* ApiClient.swift in Sources */ = {isa = PBXBuildFile; fileRef = 33714F4F29BA3BC700845B9B /* ApiClient.swift */; };
		33714F5329BA3D4D00845B9B /* CoreDataManager.swift in Sources */ = {isa = PBXBuildFile; fileRef = 33714F5129BA3D4C00845B9B /* CoreDataManager.swift */; };
		33714F5429BA3D4D00845B9B /* FavProduct.swift in Sources */ = {isa = PBXBuildFile; fileRef = 33714F5229BA3D4D00845B9B /* FavProduct.swift */; };
		339159AF29B9365200036033 /* AllOrderViewController.swift in Sources */ = {isa = PBXBuildFile; fileRef = 339159AE29B9365200036033 /* AllOrderViewController.swift */; };
		339159B129B936C800036033 /* AllOrderTableViewCell.swift in Sources */ = {isa = PBXBuildFile; fileRef = 339159B029B936C800036033 /* AllOrderTableViewCell.swift */; };
		33A2023429B0F62200D85E41 /* EXUIView.swift in Sources */ = {isa = PBXBuildFile; fileRef = 33A2023129B0F62200D85E41 /* EXUIView.swift */; };
		33A2023529B0F62200D85E41 /* CardView.swift in Sources */ = {isa = PBXBuildFile; fileRef = 33A2023229B0F62200D85E41 /* CardView.swift */; };
		33A2023629B0F62200D85E41 /* Typealias.swift in Sources */ = {isa = PBXBuildFile; fileRef = 33A2023329B0F62200D85E41 /* Typealias.swift */; };
		33A2024729B0F69E00D85E41 /* SingUpViewController.swift in Sources */ = {isa = PBXBuildFile; fileRef = 33A2023929B0F69E00D85E41 /* SingUpViewController.swift */; };
		33A2024829B0F69E00D85E41 /* loginViewController.swift in Sources */ = {isa = PBXBuildFile; fileRef = 33A2023A29B0F69E00D85E41 /* loginViewController.swift */; };
		33A2024929B0F69E00D85E41 /* GridProductCollectionViewCell.swift in Sources */ = {isa = PBXBuildFile; fileRef = 33A2023E29B0F69E00D85E41 /* GridProductCollectionViewCell.swift */; };
		33A2024A29B0F69E00D85E41 /* GridProductCollectionViewCell.xib in Resources */ = {isa = PBXBuildFile; fileRef = 33A2023F29B0F69E00D85E41 /* GridProductCollectionViewCell.xib */; };
		33A2024B29B0F69E00D85E41 /* CatagoryCollectionViewCell.swift in Sources */ = {isa = PBXBuildFile; fileRef = 33A2024129B0F69E00D85E41 /* CatagoryCollectionViewCell.swift */; };
		33A2024C29B0F69E00D85E41 /* CatagoryCollectionViewCell.xib in Resources */ = {isa = PBXBuildFile; fileRef = 33A2024229B0F69E00D85E41 /* CatagoryCollectionViewCell.xib */; };
		33A2024D29B0F69E00D85E41 /* ProductCollectionViewCell.xib in Resources */ = {isa = PBXBuildFile; fileRef = 33A2024429B0F69E00D85E41 /* ProductCollectionViewCell.xib */; };
		33A2024E29B0F69E00D85E41 /* ProductCollectionViewCell.swift in Sources */ = {isa = PBXBuildFile; fileRef = 33A2024529B0F69E00D85E41 /* ProductCollectionViewCell.swift */; };
		33A2024F29B0F69E00D85E41 /* CatagoryViewController.swift in Sources */ = {isa = PBXBuildFile; fileRef = 33A2024629B0F69E00D85E41 /* CatagoryViewController.swift */; };
		33A2025C29B0F6AF00D85E41 /* ProductOfBrandVC.swift in Sources */ = {isa = PBXBuildFile; fileRef = 33A2025229B0F6AF00D85E41 /* ProductOfBrandVC.swift */; };
		33A2025D29B0F6AF00D85E41 /* ProductOFBrandCollectionViewCell.swift in Sources */ = {isa = PBXBuildFile; fileRef = 33A2025429B0F6AF00D85E41 /* ProductOFBrandCollectionViewCell.swift */; };
		33A2025E29B0F6AF00D85E41 /* ProductOFBrandCollectionViewCell.xib in Resources */ = {isa = PBXBuildFile; fileRef = 33A2025529B0F6AF00D85E41 /* ProductOFBrandCollectionViewCell.xib */; };
		33A2025F29B0F6AF00D85E41 /* HomeViewController.swift in Sources */ = {isa = PBXBuildFile; fileRef = 33A2025829B0F6AF00D85E41 /* HomeViewController.swift */; };
		33A2026029B0F6AF00D85E41 /* BrandsCollectionViewCell.swift in Sources */ = {isa = PBXBuildFile; fileRef = 33A2025A29B0F6AF00D85E41 /* BrandsCollectionViewCell.swift */; };
		33A2026129B0F6AF00D85E41 /* BrandsCollectionViewCell.xib in Resources */ = {isa = PBXBuildFile; fileRef = 33A2025B29B0F6AF00D85E41 /* BrandsCollectionViewCell.xib */; };
		33B205F929B16DF500AFBB17 /* BrandModel.swift in Sources */ = {isa = PBXBuildFile; fileRef = 33B205F829B16DF500AFBB17 /* BrandModel.swift */; };
		33D742D529B7B42B00535E20 /* Product.swift in Sources */ = {isa = PBXBuildFile; fileRef = 33D742D429B7B42B00535E20 /* Product.swift */; };
		33D742D729B7B44A00535E20 /* Variants.swift in Sources */ = {isa = PBXBuildFile; fileRef = 33D742D629B7B44A00535E20 /* Variants.swift */; };
		33D742D929B7B45B00535E20 /* ProductImage.swift in Sources */ = {isa = PBXBuildFile; fileRef = 33D742D829B7B45B00535E20 /* ProductImage.swift */; };
		33D742DB29B7B47600535E20 /* Images.swift in Sources */ = {isa = PBXBuildFile; fileRef = 33D742DA29B7B47600535E20 /* Images.swift */; };
		33D742E229B7B50700535E20 /* Products.swift in Sources */ = {isa = PBXBuildFile; fileRef = 33D742E129B7B50700535E20 /* Products.swift */; };
		33E1616C29B7555100A13B29 /* order.swift in Sources */ = {isa = PBXBuildFile; fileRef = 33E1616B29B7555100A13B29 /* order.swift */; };
		33E1616F29B7626D00A13B29 /* OrderViewModel.swift in Sources */ = {isa = PBXBuildFile; fileRef = 33E1616E29B7626D00A13B29 /* OrderViewModel.swift */; };
		33E4B4FB29BC06D500D8A22D /* AddressTVCell.xib in Resources */ = {isa = PBXBuildFile; fileRef = 33E4B4F929BC06D500D8A22D /* AddressTVCell.xib */; };
		33E4B4FC29BC06D500D8A22D /* AddressTVCell.swift in Sources */ = {isa = PBXBuildFile; fileRef = 33E4B4FA29BC06D500D8A22D /* AddressTVCell.swift */; };
		33EDD8E629B8C68E008C815A /* OrdersVC.swift in Sources */ = {isa = PBXBuildFile; fileRef = 33EDD8E429B8C68E008C815A /* OrdersVC.swift */; };
		33EDD8E729B8C68E008C815A /* OrdersTableVC.swift in Sources */ = {isa = PBXBuildFile; fileRef = 33EDD8E529B8C68E008C815A /* OrdersTableVC.swift */; };
		33EDD8EB29B8C831008C815A /* OrdersTVC.swift in Sources */ = {isa = PBXBuildFile; fileRef = 33EDD8E929B8C831008C815A /* OrdersTVC.swift */; };
		33EDD8EC29B8C831008C815A /* OrdersTVC.xib in Resources */ = {isa = PBXBuildFile; fileRef = 33EDD8EA29B8C831008C815A /* OrdersTVC.xib */; };
		33F3A6D529BAEF2D0032FEBA /* CategoryCollectionViewDataSource.swift in Sources */ = {isa = PBXBuildFile; fileRef = 33F3A6D429BAEF2D0032FEBA /* CategoryCollectionViewDataSource.swift */; };
		33F3A6D729BAEFB50032FEBA /* CategoryViewModel .swift in Sources */ = {isa = PBXBuildFile; fileRef = 33F3A6D629BAEFB50032FEBA /* CategoryViewModel .swift */; };
		33F48FDE29B22DF600611843 /* BrandProductResponse.swift in Sources */ = {isa = PBXBuildFile; fileRef = 33F48FDD29B22DF600611843 /* BrandProductResponse.swift */; };
		33F48FE129B25DFA00611843 /* subCatecoryResponse.swift in Sources */ = {isa = PBXBuildFile; fileRef = 33F48FE029B25DFA00611843 /* subCatecoryResponse.swift */; };
		3B4FCBA1192DB739F2834B78 /* Pods_Shopify_AppTests.framework in Frameworks */ = {isa = PBXBuildFile; fileRef = FBB050D1A4B5081AEFC597C7 /* Pods_Shopify_AppTests.framework */; };
		7BFB960029B0EB29002D5253 /* WishListTableCell.swift in Sources */ = {isa = PBXBuildFile; fileRef = 7BFB95F629B0EB25002D5253 /* WishListTableCell.swift */; };
		7BFB960229B0EB29002D5253 /* OrdersTableCell.swift in Sources */ = {isa = PBXBuildFile; fileRef = 7BFB95F829B0EB26002D5253 /* OrdersTableCell.swift */; };
		7BFB960429B0EB29002D5253 /* AddNewAddressVC.swift in Sources */ = {isa = PBXBuildFile; fileRef = 7BFB95FA29B0EB27002D5253 /* AddNewAddressVC.swift */; };
		7BFB960629B0EB29002D5253 /* ContactUsVC.swift in Sources */ = {isa = PBXBuildFile; fileRef = 7BFB95FC29B0EB27002D5253 /* ContactUsVC.swift */; };
		7BFB960829B0EB29002D5253 /* AboutUsVC.swift in Sources */ = {isa = PBXBuildFile; fileRef = 7BFB95FE29B0EB28002D5253 /* AboutUsVC.swift */; };
		8C24C1EA29AE777400AE390B /* AppDelegate.swift in Sources */ = {isa = PBXBuildFile; fileRef = 8C24C1E929AE777400AE390B /* AppDelegate.swift */; };
		8C24C1EC29AE777400AE390B /* SceneDelegate.swift in Sources */ = {isa = PBXBuildFile; fileRef = 8C24C1EB29AE777400AE390B /* SceneDelegate.swift */; };
		8C24C1F129AE777500AE390B /* Main.storyboard in Resources */ = {isa = PBXBuildFile; fileRef = 8C24C1EF29AE777500AE390B /* Main.storyboard */; };
		8C24C1F429AE777500AE390B /* Shopify_App.xcdatamodeld in Sources */ = {isa = PBXBuildFile; fileRef = 8C24C1F229AE777500AE390B /* Shopify_App.xcdatamodeld */; };
		8C24C1F929AE77BB00AE390B /* LaunchScreen.storyboard in Resources */ = {isa = PBXBuildFile; fileRef = 8C24C1F729AE77BB00AE390B /* LaunchScreen.storyboard */; };
		8C24C20429AE77BD00AE390B /* Shopify_AppTests.swift in Sources */ = {isa = PBXBuildFile; fileRef = 8C24C20329AE77BD00AE390B /* Shopify_AppTests.swift */; };
		8C24C20E29AE77BD00AE390B /* Shopify_AppUITests.swift in Sources */ = {isa = PBXBuildFile; fileRef = 8C24C20D29AE77BD00AE390B /* Shopify_AppUITests.swift */; };
		8C24C21029AE77BD00AE390B /* Shopify_AppUITestsLaunchTests.swift in Sources */ = {isa = PBXBuildFile; fileRef = 8C24C20F29AE77BD00AE390B /* Shopify_AppUITestsLaunchTests.swift */; };
		8CA6A06D29AFB444006809E9 /* ConfirmPaymentVC.swift in Sources */ = {isa = PBXBuildFile; fileRef = 8CA6A06C29AFB444006809E9 /* ConfirmPaymentVC.swift */; };
		8CA6A06F29AFB4E4006809E9 /* CouponTextField.swift in Sources */ = {isa = PBXBuildFile; fileRef = 8CA6A06E29AFB4E4006809E9 /* CouponTextField.swift */; };
		8CA6A07329AFCE87006809E9 /* PaymentOptionsVC.swift in Sources */ = {isa = PBXBuildFile; fileRef = 8CA6A07229AFCE87006809E9 /* PaymentOptionsVC.swift */; };
		8CA6A07529AFCED2006809E9 /* PaymentOptionsCell.swift in Sources */ = {isa = PBXBuildFile; fileRef = 8CA6A07429AFCED1006809E9 /* PaymentOptionsCell.swift */; };
		CC1E670976A80A8425EAD033 /* Pods_Shopify_App.framework in Frameworks */ = {isa = PBXBuildFile; fileRef = 5ED22B020899511829DE094C /* Pods_Shopify_App.framework */; };
		D81CF1AE29B7853E0009D125 /* EndPoints.swift in Sources */ = {isa = PBXBuildFile; fileRef = D81CF1AD29B7853E0009D125 /* EndPoints.swift */; };
		D81CF1B529B7857C0009D125 /* CreateCustomerResponse.swift in Sources */ = {isa = PBXBuildFile; fileRef = D81CF1B229B7857B0009D125 /* CreateCustomerResponse.swift */; };
		D81CF1B629B7857C0009D125 /* Errors.swift in Sources */ = {isa = PBXBuildFile; fileRef = D81CF1B329B7857C0009D125 /* Errors.swift */; };
		D81CF1B929B785830009D125 /* LoginViewModel.swift in Sources */ = {isa = PBXBuildFile; fileRef = D81CF1B729B785830009D125 /* LoginViewModel.swift */; };
		D81CF1BA29B785830009D125 /* SignUpViewModel.swift in Sources */ = {isa = PBXBuildFile; fileRef = D81CF1B829B785830009D125 /* SignUpViewModel.swift */; };
		D84335E429B11512003F7093 /* Alamofire in Frameworks */ = {isa = PBXBuildFile; productRef = D84335E329B11512003F7093 /* Alamofire */; };
		D84335E729B11595003F7093 /* Reachability in Frameworks */ = {isa = PBXBuildFile; productRef = D84335E629B11595003F7093 /* Reachability */; };
		D8784BAD29AF680300231982 /* SplashVC.swift in Sources */ = {isa = PBXBuildFile; fileRef = D8784BAC29AF680300231982 /* SplashVC.swift */; };
		D8784BAF29AF682E00231982 /* TabBarVC.swift in Sources */ = {isa = PBXBuildFile; fileRef = D8784BAE29AF682E00231982 /* TabBarVC.swift */; };
		D8784BB129AF688E00231982 /* splashGIF.json in Resources */ = {isa = PBXBuildFile; fileRef = D8784BB029AF688E00231982 /* splashGIF.json */; };
		D893DFF329BBEB6E00C1E74F /* MeVC.swift in Sources */ = {isa = PBXBuildFile; fileRef = D893DFF229BBEB6E00C1E74F /* MeVC.swift */; };
		D893DFF529BBEBC000C1E74F /* SettingsVC.swift in Sources */ = {isa = PBXBuildFile; fileRef = D893DFF429BBEBC000C1E74F /* SettingsVC.swift */; };
		D8E34D8029B0DC2400590317 /* ProductCVC.swift in Sources */ = {isa = PBXBuildFile; fileRef = D8E34D7E29B0DC2400590317 /* ProductCVC.swift */; };
		D8E34D8129B0DC2400590317 /* ProductVC.swift in Sources */ = {isa = PBXBuildFile; fileRef = D8E34D7F29B0DC2400590317 /* ProductVC.swift */; };
		D8E34D8B29B0DCA100590317 /* FavourieTableViewCell.swift in Sources */ = {isa = PBXBuildFile; fileRef = D8E34D8929B0DCA100590317 /* FavourieTableViewCell.swift */; };
		D8E34D8C29B0DCA100590317 /* FavouriteVC.swift in Sources */ = {isa = PBXBuildFile; fileRef = D8E34D8A29B0DCA100590317 /* FavouriteVC.swift */; };
		DDF87E362CDE7D12C7D94216 /* Pods_Shopify_App_Shopify_AppUITests.framework in Frameworks */ = {isa = PBXBuildFile; fileRef = 9093B40DFEA4B6BEA0BAF393 /* Pods_Shopify_App_Shopify_AppUITests.framework */; };
/* End PBXBuildFile section */

/* Begin PBXContainerItemProxy section */
		8C24C20029AE77BD00AE390B /* PBXContainerItemProxy */ = {
			isa = PBXContainerItemProxy;
			containerPortal = 8C24C1DE29AE777300AE390B /* Project object */;
			proxyType = 1;
			remoteGlobalIDString = 8C24C1E529AE777400AE390B;
			remoteInfo = "Shopify App";
		};
		8C24C20A29AE77BD00AE390B /* PBXContainerItemProxy */ = {
			isa = PBXContainerItemProxy;
			containerPortal = 8C24C1DE29AE777300AE390B /* Project object */;
			proxyType = 1;
			remoteGlobalIDString = 8C24C1E529AE777400AE390B;
			remoteInfo = "Shopify App";
		};
/* End PBXContainerItemProxy section */

/* Begin PBXFileReference section */
		1544CE7A805118114A50F53C /* Pods-Shopify App.debug.xcconfig */ = {isa = PBXFileReference; includeInIndex = 1; lastKnownFileType = text.xcconfig; name = "Pods-Shopify App.debug.xcconfig"; path = "Target Support Files/Pods-Shopify App/Pods-Shopify App.debug.xcconfig"; sourceTree = "<group>"; };
		24DC83E1FDA16C85CC927B3A /* Pods-Shopify App-Shopify AppUITests.release.xcconfig */ = {isa = PBXFileReference; includeInIndex = 1; lastKnownFileType = text.xcconfig; name = "Pods-Shopify App-Shopify AppUITests.release.xcconfig"; path = "Target Support Files/Pods-Shopify App-Shopify AppUITests/Pods-Shopify App-Shopify AppUITests.release.xcconfig"; sourceTree = "<group>"; };
		301E00E7B6C488EBA538CA4B /* Pods-Shopify App.release.xcconfig */ = {isa = PBXFileReference; includeInIndex = 1; lastKnownFileType = text.xcconfig; name = "Pods-Shopify App.release.xcconfig"; path = "Target Support Files/Pods-Shopify App/Pods-Shopify App.release.xcconfig"; sourceTree = "<group>"; };
		331BB3E929AF7F4C00466C97 /* Roboto-Medium.ttf */ = {isa = PBXFileReference; lastKnownFileType = file; path = "Roboto-Medium.ttf"; sourceTree = "<group>"; };
		331BB3EA29AF7F4C00466C97 /* Roboto-Light.ttf */ = {isa = PBXFileReference; lastKnownFileType = file; path = "Roboto-Light.ttf"; sourceTree = "<group>"; };
		331BB3EB29AF7F4C00466C97 /* Roboto-Regular.ttf */ = {isa = PBXFileReference; lastKnownFileType = file; path = "Roboto-Regular.ttf"; sourceTree = "<group>"; };
		331BB3EC29AF7F4C00466C97 /* Roboto-Bold.ttf */ = {isa = PBXFileReference; lastKnownFileType = file; path = "Roboto-Bold.ttf"; sourceTree = "<group>"; };
		331BB3ED29AF7F4C00466C97 /* Roboto-Black.ttf */ = {isa = PBXFileReference; lastKnownFileType = file; path = "Roboto-Black.ttf"; sourceTree = "<group>"; };
		331BB40729AF806E00466C97 /* Assets.xcassets */ = {isa = PBXFileReference; lastKnownFileType = folder.assetcatalog; path = Assets.xcassets; sourceTree = "<group>"; };
		3340090729BAC5B600BFE845 /* HomeCollectionViewDataSource.swift */ = {isa = PBXFileReference; lastKnownFileType = sourcecode.swift; path = HomeCollectionViewDataSource.swift; sourceTree = "<group>"; };
		3340090A29BAC6B500BFE845 /* HomeViewModel .swift */ = {isa = PBXFileReference; lastKnownFileType = sourcecode.swift; path = "HomeViewModel .swift"; sourceTree = "<group>"; };
		3340090C29BAD1FE00BFE845 /* ProductCollectionViewDataSource.swift */ = {isa = PBXFileReference; lastKnownFileType = sourcecode.swift; path = ProductCollectionViewDataSource.swift; sourceTree = "<group>"; };
		3340090F29BAD26500BFE845 /* ProductViewModel .swift */ = {isa = PBXFileReference; lastKnownFileType = sourcecode.swift; path = "ProductViewModel .swift"; sourceTree = "<group>"; };
		336C253629B62B6100C78A98 /* CreateAddressVC.swift */ = {isa = PBXFileReference; fileEncoding = 4; lastKnownFileType = sourcecode.swift; path = CreateAddressVC.swift; sourceTree = "<group>"; };
		336C253929B62DA000C78A98 /* Customer.swift */ = {isa = PBXFileReference; lastKnownFileType = sourcecode.swift; path = Customer.swift; sourceTree = "<group>"; };
		336C253B29B62FF100C78A98 /* Encodable + extension.swift */ = {isa = PBXFileReference; fileEncoding = 4; lastKnownFileType = sourcecode.swift; path = "Encodable + extension.swift"; sourceTree = "<group>"; };
		336C253D29B6318D00C78A98 /* URLs.swift */ = {isa = PBXFileReference; fileEncoding = 4; lastKnownFileType = sourcecode.swift; path = URLs.swift; sourceTree = "<group>"; };
		336C253F29B632A700C78A98 /* Helper.swift */ = {isa = PBXFileReference; fileEncoding = 4; lastKnownFileType = sourcecode.swift; path = Helper.swift; sourceTree = "<group>"; };
		336C254129B632E500C78A98 /* Networking.swift */ = {isa = PBXFileReference; fileEncoding = 4; lastKnownFileType = sourcecode.swift; path = Networking.swift; sourceTree = "<group>"; };
		336C254329B634A600C78A98 /* ViewController + Extension.swift */ = {isa = PBXFileReference; fileEncoding = 4; lastKnownFileType = sourcecode.swift; path = "ViewController + Extension.swift"; sourceTree = "<group>"; };
		336C254529B6654700C78A98 /* AddressVC.swift */ = {isa = PBXFileReference; fileEncoding = 4; lastKnownFileType = sourcecode.swift; path = AddressVC.swift; sourceTree = "<group>"; };
		336C254629B6654700C78A98 /* AddressTableVC.swift */ = {isa = PBXFileReference; fileEncoding = 4; lastKnownFileType = sourcecode.swift; path = AddressTableVC.swift; sourceTree = "<group>"; };
		336C254A29B665AB00C78A98 /* AddressViewModel.swift */ = {isa = PBXFileReference; fileEncoding = 4; lastKnownFileType = sourcecode.swift; path = AddressViewModel.swift; sourceTree = "<group>"; };
		336C254E29B6666900C78A98 /* CoreDataServices.swift */ = {isa = PBXFileReference; fileEncoding = 4; lastKnownFileType = sourcecode.swift; path = CoreDataServices.swift; sourceTree = "<group>"; };
		33714F4F29BA3BC700845B9B /* ApiClient.swift */ = {isa = PBXFileReference; fileEncoding = 4; lastKnownFileType = sourcecode.swift; path = ApiClient.swift; sourceTree = "<group>"; };
		33714F5129BA3D4C00845B9B /* CoreDataManager.swift */ = {isa = PBXFileReference; fileEncoding = 4; lastKnownFileType = sourcecode.swift; path = CoreDataManager.swift; sourceTree = "<group>"; };
		33714F5229BA3D4D00845B9B /* FavProduct.swift */ = {isa = PBXFileReference; fileEncoding = 4; lastKnownFileType = sourcecode.swift; path = FavProduct.swift; sourceTree = "<group>"; };
		339159AE29B9365200036033 /* AllOrderViewController.swift */ = {isa = PBXFileReference; lastKnownFileType = sourcecode.swift; path = AllOrderViewController.swift; sourceTree = "<group>"; };
		339159B029B936C800036033 /* AllOrderTableViewCell.swift */ = {isa = PBXFileReference; lastKnownFileType = sourcecode.swift; path = AllOrderTableViewCell.swift; sourceTree = "<group>"; };
		33A2023129B0F62200D85E41 /* EXUIView.swift */ = {isa = PBXFileReference; fileEncoding = 4; lastKnownFileType = sourcecode.swift; path = EXUIView.swift; sourceTree = "<group>"; };
		33A2023229B0F62200D85E41 /* CardView.swift */ = {isa = PBXFileReference; fileEncoding = 4; lastKnownFileType = sourcecode.swift; path = CardView.swift; sourceTree = "<group>"; };
		33A2023329B0F62200D85E41 /* Typealias.swift */ = {isa = PBXFileReference; fileEncoding = 4; lastKnownFileType = sourcecode.swift; path = Typealias.swift; sourceTree = "<group>"; };
		33A2023929B0F69E00D85E41 /* SingUpViewController.swift */ = {isa = PBXFileReference; fileEncoding = 4; lastKnownFileType = sourcecode.swift; path = SingUpViewController.swift; sourceTree = "<group>"; };
		33A2023A29B0F69E00D85E41 /* loginViewController.swift */ = {isa = PBXFileReference; fileEncoding = 4; lastKnownFileType = sourcecode.swift; path = loginViewController.swift; sourceTree = "<group>"; };
		33A2023E29B0F69E00D85E41 /* GridProductCollectionViewCell.swift */ = {isa = PBXFileReference; fileEncoding = 4; lastKnownFileType = sourcecode.swift; path = GridProductCollectionViewCell.swift; sourceTree = "<group>"; };
		33A2023F29B0F69E00D85E41 /* GridProductCollectionViewCell.xib */ = {isa = PBXFileReference; fileEncoding = 4; lastKnownFileType = file.xib; path = GridProductCollectionViewCell.xib; sourceTree = "<group>"; };
		33A2024129B0F69E00D85E41 /* CatagoryCollectionViewCell.swift */ = {isa = PBXFileReference; fileEncoding = 4; lastKnownFileType = sourcecode.swift; path = CatagoryCollectionViewCell.swift; sourceTree = "<group>"; };
		33A2024229B0F69E00D85E41 /* CatagoryCollectionViewCell.xib */ = {isa = PBXFileReference; fileEncoding = 4; lastKnownFileType = file.xib; path = CatagoryCollectionViewCell.xib; sourceTree = "<group>"; };
		33A2024429B0F69E00D85E41 /* ProductCollectionViewCell.xib */ = {isa = PBXFileReference; fileEncoding = 4; lastKnownFileType = file.xib; path = ProductCollectionViewCell.xib; sourceTree = "<group>"; };
		33A2024529B0F69E00D85E41 /* ProductCollectionViewCell.swift */ = {isa = PBXFileReference; fileEncoding = 4; lastKnownFileType = sourcecode.swift; path = ProductCollectionViewCell.swift; sourceTree = "<group>"; };
		33A2024629B0F69E00D85E41 /* CatagoryViewController.swift */ = {isa = PBXFileReference; fileEncoding = 4; lastKnownFileType = sourcecode.swift; path = CatagoryViewController.swift; sourceTree = "<group>"; };
		33A2025229B0F6AF00D85E41 /* ProductOfBrandVC.swift */ = {isa = PBXFileReference; fileEncoding = 4; lastKnownFileType = sourcecode.swift; path = ProductOfBrandVC.swift; sourceTree = "<group>"; };
		33A2025429B0F6AF00D85E41 /* ProductOFBrandCollectionViewCell.swift */ = {isa = PBXFileReference; fileEncoding = 4; lastKnownFileType = sourcecode.swift; path = ProductOFBrandCollectionViewCell.swift; sourceTree = "<group>"; };
		33A2025529B0F6AF00D85E41 /* ProductOFBrandCollectionViewCell.xib */ = {isa = PBXFileReference; fileEncoding = 4; lastKnownFileType = file.xib; path = ProductOFBrandCollectionViewCell.xib; sourceTree = "<group>"; };
		33A2025829B0F6AF00D85E41 /* HomeViewController.swift */ = {isa = PBXFileReference; fileEncoding = 4; lastKnownFileType = sourcecode.swift; path = HomeViewController.swift; sourceTree = "<group>"; };
		33A2025A29B0F6AF00D85E41 /* BrandsCollectionViewCell.swift */ = {isa = PBXFileReference; fileEncoding = 4; lastKnownFileType = sourcecode.swift; path = BrandsCollectionViewCell.swift; sourceTree = "<group>"; };
		33A2025B29B0F6AF00D85E41 /* BrandsCollectionViewCell.xib */ = {isa = PBXFileReference; fileEncoding = 4; lastKnownFileType = file.xib; path = BrandsCollectionViewCell.xib; sourceTree = "<group>"; };
		33B205F829B16DF500AFBB17 /* BrandModel.swift */ = {isa = PBXFileReference; lastKnownFileType = sourcecode.swift; path = BrandModel.swift; sourceTree = "<group>"; };
		33D742D429B7B42B00535E20 /* Product.swift */ = {isa = PBXFileReference; fileEncoding = 4; lastKnownFileType = sourcecode.swift; path = Product.swift; sourceTree = "<group>"; };
		33D742D629B7B44A00535E20 /* Variants.swift */ = {isa = PBXFileReference; fileEncoding = 4; lastKnownFileType = sourcecode.swift; path = Variants.swift; sourceTree = "<group>"; };
		33D742D829B7B45B00535E20 /* ProductImage.swift */ = {isa = PBXFileReference; fileEncoding = 4; lastKnownFileType = sourcecode.swift; path = ProductImage.swift; sourceTree = "<group>"; };
		33D742DA29B7B47600535E20 /* Images.swift */ = {isa = PBXFileReference; fileEncoding = 4; lastKnownFileType = sourcecode.swift; path = Images.swift; sourceTree = "<group>"; };
		33D742E129B7B50700535E20 /* Products.swift */ = {isa = PBXFileReference; fileEncoding = 4; lastKnownFileType = sourcecode.swift; path = Products.swift; sourceTree = "<group>"; };
		33E1616B29B7555100A13B29 /* order.swift */ = {isa = PBXFileReference; fileEncoding = 4; lastKnownFileType = sourcecode.swift; path = order.swift; sourceTree = "<group>"; };
		33E1616E29B7626D00A13B29 /* OrderViewModel.swift */ = {isa = PBXFileReference; fileEncoding = 4; lastKnownFileType = sourcecode.swift; path = OrderViewModel.swift; sourceTree = "<group>"; };
		33E4B4F929BC06D500D8A22D /* AddressTVCell.xib */ = {isa = PBXFileReference; fileEncoding = 4; lastKnownFileType = file.xib; path = AddressTVCell.xib; sourceTree = "<group>"; };
		33E4B4FA29BC06D500D8A22D /* AddressTVCell.swift */ = {isa = PBXFileReference; fileEncoding = 4; lastKnownFileType = sourcecode.swift; path = AddressTVCell.swift; sourceTree = "<group>"; };
		33EDD8E429B8C68E008C815A /* OrdersVC.swift */ = {isa = PBXFileReference; fileEncoding = 4; lastKnownFileType = sourcecode.swift; path = OrdersVC.swift; sourceTree = "<group>"; };
		33EDD8E529B8C68E008C815A /* OrdersTableVC.swift */ = {isa = PBXFileReference; fileEncoding = 4; lastKnownFileType = sourcecode.swift; path = OrdersTableVC.swift; sourceTree = "<group>"; };
		33EDD8E929B8C831008C815A /* OrdersTVC.swift */ = {isa = PBXFileReference; fileEncoding = 4; lastKnownFileType = sourcecode.swift; path = OrdersTVC.swift; sourceTree = "<group>"; };
		33EDD8EA29B8C831008C815A /* OrdersTVC.xib */ = {isa = PBXFileReference; fileEncoding = 4; lastKnownFileType = file.xib; path = OrdersTVC.xib; sourceTree = "<group>"; };
		33F3A6D429BAEF2D0032FEBA /* CategoryCollectionViewDataSource.swift */ = {isa = PBXFileReference; lastKnownFileType = sourcecode.swift; path = CategoryCollectionViewDataSource.swift; sourceTree = "<group>"; };
		33F3A6D629BAEFB50032FEBA /* CategoryViewModel .swift */ = {isa = PBXFileReference; lastKnownFileType = sourcecode.swift; path = "CategoryViewModel .swift"; sourceTree = "<group>"; };
		33F48FDD29B22DF600611843 /* BrandProductResponse.swift */ = {isa = PBXFileReference; lastKnownFileType = sourcecode.swift; path = BrandProductResponse.swift; sourceTree = "<group>"; };
		33F48FE029B25DFA00611843 /* subCatecoryResponse.swift */ = {isa = PBXFileReference; lastKnownFileType = sourcecode.swift; path = subCatecoryResponse.swift; sourceTree = "<group>"; };
		5ED22B020899511829DE094C /* Pods_Shopify_App.framework */ = {isa = PBXFileReference; explicitFileType = wrapper.framework; includeInIndex = 0; path = Pods_Shopify_App.framework; sourceTree = BUILT_PRODUCTS_DIR; };
		6CC8966D5DEB50ADAB926022 /* Pods-Shopify App-Shopify AppUITests.debug.xcconfig */ = {isa = PBXFileReference; includeInIndex = 1; lastKnownFileType = text.xcconfig; name = "Pods-Shopify App-Shopify AppUITests.debug.xcconfig"; path = "Target Support Files/Pods-Shopify App-Shopify AppUITests/Pods-Shopify App-Shopify AppUITests.debug.xcconfig"; sourceTree = "<group>"; };
		7BFB95F629B0EB25002D5253 /* WishListTableCell.swift */ = {isa = PBXFileReference; fileEncoding = 4; lastKnownFileType = sourcecode.swift; path = WishListTableCell.swift; sourceTree = "<group>"; };
		7BFB95F829B0EB26002D5253 /* OrdersTableCell.swift */ = {isa = PBXFileReference; fileEncoding = 4; lastKnownFileType = sourcecode.swift; path = OrdersTableCell.swift; sourceTree = "<group>"; };
		7BFB95FA29B0EB27002D5253 /* AddNewAddressVC.swift */ = {isa = PBXFileReference; fileEncoding = 4; lastKnownFileType = sourcecode.swift; path = AddNewAddressVC.swift; sourceTree = "<group>"; };
		7BFB95FC29B0EB27002D5253 /* ContactUsVC.swift */ = {isa = PBXFileReference; fileEncoding = 4; lastKnownFileType = sourcecode.swift; path = ContactUsVC.swift; sourceTree = "<group>"; };
		7BFB95FE29B0EB28002D5253 /* AboutUsVC.swift */ = {isa = PBXFileReference; fileEncoding = 4; lastKnownFileType = sourcecode.swift; path = AboutUsVC.swift; sourceTree = "<group>"; };
		8C24C1E629AE777400AE390B /* Shopify App.app */ = {isa = PBXFileReference; explicitFileType = wrapper.application; includeInIndex = 0; path = "Shopify App.app"; sourceTree = BUILT_PRODUCTS_DIR; };
		8C24C1E929AE777400AE390B /* AppDelegate.swift */ = {isa = PBXFileReference; lastKnownFileType = sourcecode.swift; path = AppDelegate.swift; sourceTree = "<group>"; };
		8C24C1EB29AE777400AE390B /* SceneDelegate.swift */ = {isa = PBXFileReference; lastKnownFileType = sourcecode.swift; path = SceneDelegate.swift; sourceTree = "<group>"; };
		8C24C1F029AE777500AE390B /* Base */ = {isa = PBXFileReference; lastKnownFileType = file.storyboard; name = Base; path = Base.lproj/Main.storyboard; sourceTree = "<group>"; };
		8C24C1F329AE777500AE390B /* Shopify_App.xcdatamodel */ = {isa = PBXFileReference; lastKnownFileType = wrapper.xcdatamodel; path = Shopify_App.xcdatamodel; sourceTree = "<group>"; };
		8C24C1F829AE77BB00AE390B /* Base */ = {isa = PBXFileReference; lastKnownFileType = file.storyboard; name = Base; path = Base.lproj/LaunchScreen.storyboard; sourceTree = "<group>"; };
		8C24C1FA29AE77BB00AE390B /* Info.plist */ = {isa = PBXFileReference; lastKnownFileType = text.plist.xml; path = Info.plist; sourceTree = "<group>"; };
		8C24C1FF29AE77BD00AE390B /* Shopify AppTests.xctest */ = {isa = PBXFileReference; explicitFileType = wrapper.cfbundle; includeInIndex = 0; path = "Shopify AppTests.xctest"; sourceTree = BUILT_PRODUCTS_DIR; };
		8C24C20329AE77BD00AE390B /* Shopify_AppTests.swift */ = {isa = PBXFileReference; lastKnownFileType = sourcecode.swift; path = Shopify_AppTests.swift; sourceTree = "<group>"; };
		8C24C20929AE77BD00AE390B /* Shopify AppUITests.xctest */ = {isa = PBXFileReference; explicitFileType = wrapper.cfbundle; includeInIndex = 0; path = "Shopify AppUITests.xctest"; sourceTree = BUILT_PRODUCTS_DIR; };
		8C24C20D29AE77BD00AE390B /* Shopify_AppUITests.swift */ = {isa = PBXFileReference; lastKnownFileType = sourcecode.swift; path = Shopify_AppUITests.swift; sourceTree = "<group>"; };
		8C24C20F29AE77BD00AE390B /* Shopify_AppUITestsLaunchTests.swift */ = {isa = PBXFileReference; lastKnownFileType = sourcecode.swift; path = Shopify_AppUITestsLaunchTests.swift; sourceTree = "<group>"; };
		8CA6A06C29AFB444006809E9 /* ConfirmPaymentVC.swift */ = {isa = PBXFileReference; lastKnownFileType = sourcecode.swift; path = ConfirmPaymentVC.swift; sourceTree = "<group>"; };
		8CA6A06E29AFB4E4006809E9 /* CouponTextField.swift */ = {isa = PBXFileReference; lastKnownFileType = sourcecode.swift; path = CouponTextField.swift; sourceTree = "<group>"; };
		8CA6A07229AFCE87006809E9 /* PaymentOptionsVC.swift */ = {isa = PBXFileReference; lastKnownFileType = sourcecode.swift; path = PaymentOptionsVC.swift; sourceTree = "<group>"; };
		8CA6A07429AFCED1006809E9 /* PaymentOptionsCell.swift */ = {isa = PBXFileReference; lastKnownFileType = sourcecode.swift; path = PaymentOptionsCell.swift; sourceTree = "<group>"; };
		9093B40DFEA4B6BEA0BAF393 /* Pods_Shopify_App_Shopify_AppUITests.framework */ = {isa = PBXFileReference; explicitFileType = wrapper.framework; includeInIndex = 0; path = Pods_Shopify_App_Shopify_AppUITests.framework; sourceTree = BUILT_PRODUCTS_DIR; };
		95D942107A9CDA19A0AD03FB /* Pods-Shopify AppTests.debug.xcconfig */ = {isa = PBXFileReference; includeInIndex = 1; lastKnownFileType = text.xcconfig; name = "Pods-Shopify AppTests.debug.xcconfig"; path = "Target Support Files/Pods-Shopify AppTests/Pods-Shopify AppTests.debug.xcconfig"; sourceTree = "<group>"; };
		D81CF1AD29B7853E0009D125 /* EndPoints.swift */ = {isa = PBXFileReference; fileEncoding = 4; lastKnownFileType = sourcecode.swift; path = EndPoints.swift; sourceTree = "<group>"; };
		D81CF1B229B7857B0009D125 /* CreateCustomerResponse.swift */ = {isa = PBXFileReference; fileEncoding = 4; lastKnownFileType = sourcecode.swift; path = CreateCustomerResponse.swift; sourceTree = "<group>"; };
		D81CF1B329B7857C0009D125 /* Errors.swift */ = {isa = PBXFileReference; fileEncoding = 4; lastKnownFileType = sourcecode.swift; path = Errors.swift; sourceTree = "<group>"; };
		D81CF1B729B785830009D125 /* LoginViewModel.swift */ = {isa = PBXFileReference; fileEncoding = 4; lastKnownFileType = sourcecode.swift; path = LoginViewModel.swift; sourceTree = "<group>"; };
		D81CF1B829B785830009D125 /* SignUpViewModel.swift */ = {isa = PBXFileReference; fileEncoding = 4; lastKnownFileType = sourcecode.swift; path = SignUpViewModel.swift; sourceTree = "<group>"; };
		D8784BAC29AF680300231982 /* SplashVC.swift */ = {isa = PBXFileReference; lastKnownFileType = sourcecode.swift; path = SplashVC.swift; sourceTree = "<group>"; };
		D8784BAE29AF682E00231982 /* TabBarVC.swift */ = {isa = PBXFileReference; lastKnownFileType = sourcecode.swift; path = TabBarVC.swift; sourceTree = "<group>"; };
		D8784BB029AF688E00231982 /* splashGIF.json */ = {isa = PBXFileReference; fileEncoding = 4; lastKnownFileType = text.json; path = splashGIF.json; sourceTree = "<group>"; };
		D893DFF229BBEB6E00C1E74F /* MeVC.swift */ = {isa = PBXFileReference; fileEncoding = 4; lastKnownFileType = sourcecode.swift; path = MeVC.swift; sourceTree = "<group>"; };
		D893DFF429BBEBC000C1E74F /* SettingsVC.swift */ = {isa = PBXFileReference; fileEncoding = 4; lastKnownFileType = sourcecode.swift; path = SettingsVC.swift; sourceTree = "<group>"; };
		D8E34D7E29B0DC2400590317 /* ProductCVC.swift */ = {isa = PBXFileReference; fileEncoding = 4; lastKnownFileType = sourcecode.swift; path = ProductCVC.swift; sourceTree = "<group>"; };
		D8E34D7F29B0DC2400590317 /* ProductVC.swift */ = {isa = PBXFileReference; fileEncoding = 4; lastKnownFileType = sourcecode.swift; path = ProductVC.swift; sourceTree = "<group>"; };
		D8E34D8929B0DCA100590317 /* FavourieTableViewCell.swift */ = {isa = PBXFileReference; fileEncoding = 4; lastKnownFileType = sourcecode.swift; path = FavourieTableViewCell.swift; sourceTree = "<group>"; };
		D8E34D8A29B0DCA100590317 /* FavouriteVC.swift */ = {isa = PBXFileReference; fileEncoding = 4; lastKnownFileType = sourcecode.swift; path = FavouriteVC.swift; sourceTree = "<group>"; };
		F7657BACE5A5502BC4F1A3C8 /* Pods-Shopify AppTests.release.xcconfig */ = {isa = PBXFileReference; includeInIndex = 1; lastKnownFileType = text.xcconfig; name = "Pods-Shopify AppTests.release.xcconfig"; path = "Target Support Files/Pods-Shopify AppTests/Pods-Shopify AppTests.release.xcconfig"; sourceTree = "<group>"; };
		FBB050D1A4B5081AEFC597C7 /* Pods_Shopify_AppTests.framework */ = {isa = PBXFileReference; explicitFileType = wrapper.framework; includeInIndex = 0; path = Pods_Shopify_AppTests.framework; sourceTree = BUILT_PRODUCTS_DIR; };
/* End PBXFileReference section */

/* Begin PBXFrameworksBuildPhase section */
		8C24C1E329AE777400AE390B /* Frameworks */ = {
			isa = PBXFrameworksBuildPhase;
			buildActionMask = 2147483647;
			files = (
				335D05D629B219B300D0F39D /* Kingfisher in Frameworks */,
				CC1E670976A80A8425EAD033 /* Pods_Shopify_App.framework in Frameworks */,
				D84335E729B11595003F7093 /* Reachability in Frameworks */,
				D84335E429B11512003F7093 /* Alamofire in Frameworks */,
			);
			runOnlyForDeploymentPostprocessing = 0;
		};
		8C24C1FC29AE77BD00AE390B /* Frameworks */ = {
			isa = PBXFrameworksBuildPhase;
			buildActionMask = 2147483647;
			files = (
				3B4FCBA1192DB739F2834B78 /* Pods_Shopify_AppTests.framework in Frameworks */,
			);
			runOnlyForDeploymentPostprocessing = 0;
		};
		8C24C20629AE77BD00AE390B /* Frameworks */ = {
			isa = PBXFrameworksBuildPhase;
			buildActionMask = 2147483647;
			files = (
				DDF87E362CDE7D12C7D94216 /* Pods_Shopify_App_Shopify_AppUITests.framework in Frameworks */,
			);
			runOnlyForDeploymentPostprocessing = 0;
		};
/* End PBXFrameworksBuildPhase section */

/* Begin PBXGroup section */
		331BB3E729AF7F4C00466C97 /* Resources */ = {
			isa = PBXGroup;
			children = (
				331BB3E829AF7F4C00466C97 /* Font */,
			);
			path = Resources;
			sourceTree = "<group>";
		};
		331BB3E829AF7F4C00466C97 /* Font */ = {
			isa = PBXGroup;
			children = (
				331BB3E929AF7F4C00466C97 /* Roboto-Medium.ttf */,
				331BB3EA29AF7F4C00466C97 /* Roboto-Light.ttf */,
				331BB3EB29AF7F4C00466C97 /* Roboto-Regular.ttf */,
				331BB3EC29AF7F4C00466C97 /* Roboto-Bold.ttf */,
				331BB3ED29AF7F4C00466C97 /* Roboto-Black.ttf */,
			);
			path = Font;
			sourceTree = "<group>";
		};
		331BB3F129AF7F4C00466C97 /* Modules */ = {
			isa = PBXGroup;
			children = (
				336C253829B62C9D00C78A98 /* Address */,
				33E1616929B7549600A13B29 /* Order */,
				33A2023729B0F69E00D85E41 /* Auth */,
				33A2023B29B0F69E00D85E41 /* catagory */,
				33A2025629B0F6AF00D85E41 /* Home */,
				33A2025029B0F6AF00D85E41 /* Product */,
				7BFB95F429B0EAF2002D5253 /* Me */,
				D8E34D8829B0DC8900590317 /* FavView */,
				D8E34D7D29B0DC0B00590317 /* ProductView */,
				8CA6A06A29AFB3A0006809E9 /* Payment */,
				3347203129AF901600FF2F40 /* ShoppingCart */,
				D8784BAB29AF67DC00231982 /* SplashScreen */,
			);
			path = Modules;
			sourceTree = "<group>";
		};
		3324B4E729BC033000FED746 /* Model */ = {
			isa = PBXGroup;
			children = (
			);
			path = Model;
			sourceTree = "<group>";
		};
		3324B4E829BC038200FED746 /* View */ = {
			isa = PBXGroup;
			children = (
				7BFB95FA29B0EB27002D5253 /* AddNewAddressVC.swift */,
				33E4B4F829BC06D500D8A22D /* AddressCell */,
				336C253629B62B6100C78A98 /* CreateAddressVC.swift */,
				336C254529B6654700C78A98 /* AddressVC.swift */,
				336C254629B6654700C78A98 /* AddressTableVC.swift */,
			);
			path = View;
			sourceTree = "<group>";
		};
		3340090929BAC69A00BFE845 /* ViewModel  */ = {
			isa = PBXGroup;
			children = (
				3340090A29BAC6B500BFE845 /* HomeViewModel .swift */,
			);
			path = "ViewModel ";
			sourceTree = "<group>";
		};
		3340090E29BAD24A00BFE845 /* ViewModel  */ = {
			isa = PBXGroup;
			children = (
				3340090F29BAD26500BFE845 /* ProductViewModel .swift */,
			);
			path = "ViewModel ";
			sourceTree = "<group>";
		};
		3347203129AF901600FF2F40 /* ShoppingCart */ = {
			isa = PBXGroup;
			children = (
				3347203229AF901600FF2F40 /* View */,
			);
			path = ShoppingCart;
			sourceTree = "<group>";
		};
		3347203229AF901600FF2F40 /* View */ = {
			isa = PBXGroup;
			children = (
				33EDD8E429B8C68E008C815A /* OrdersVC.swift */,
				33EDD8E529B8C68E008C815A /* OrdersTableVC.swift */,
				33EDD8E829B8C831008C815A /* ordersCell */,
			);
			path = View;
			sourceTree = "<group>";
		};
		336C253829B62C9D00C78A98 /* Address */ = {
			isa = PBXGroup;
			children = (
				3324B4E829BC038200FED746 /* View */,
				3324B4E729BC033000FED746 /* Model */,
				336C254929B6659400C78A98 /* ViewModel */,
			);
			path = Address;
			sourceTree = "<group>";
		};
		336C254929B6659400C78A98 /* ViewModel */ = {
			isa = PBXGroup;
			children = (
				336C254A29B665AB00C78A98 /* AddressViewModel.swift */,
			);
			path = ViewModel;
			sourceTree = "<group>";
		};
		336C254C29B6664700C78A98 /* Model */ = {
			isa = PBXGroup;
			children = (
				336C253929B62DA000C78A98 /* Customer.swift */,
				D81CF1AA29B785260009D125 /* Network */,
			);
			path = Model;
			sourceTree = "<group>";
		};
		336C254D29B6665800C78A98 /* CoreDataServices */ = {
			isa = PBXGroup;
			children = (
				336C254E29B6666900C78A98 /* CoreDataServices.swift */,
				33714F5129BA3D4C00845B9B /* CoreDataManager.swift */,
				33714F5229BA3D4D00845B9B /* FavProduct.swift */,
			);
			path = CoreDataServices;
			sourceTree = "<group>";
		};
		339159AD29B9361D00036033 /* View */ = {
			isa = PBXGroup;
			children = (
				339159AE29B9365200036033 /* AllOrderViewController.swift */,
				339159B029B936C800036033 /* AllOrderTableViewCell.swift */,
			);
			path = View;
			sourceTree = "<group>";
		};
		33A2022F29B0F62200D85E41 /* Helper */ = {
			isa = PBXGroup;
			children = (
				336C254D29B6665800C78A98 /* CoreDataServices */,
				336C253F29B632A700C78A98 /* Helper.swift */,
				33A2023029B0F62200D85E41 /* Extension */,
			);
			path = Helper;
			sourceTree = "<group>";
		};
		33A2023029B0F62200D85E41 /* Extension */ = {
			isa = PBXGroup;
			children = (
				336C253B29B62FF100C78A98 /* Encodable + extension.swift */,
				33A2023129B0F62200D85E41 /* EXUIView.swift */,
				33A2023229B0F62200D85E41 /* CardView.swift */,
				33A2023329B0F62200D85E41 /* Typealias.swift */,
				336C254329B634A600C78A98 /* ViewController + Extension.swift */,
			);
			path = Extension;
			sourceTree = "<group>";
		};
		33A2023729B0F69E00D85E41 /* Auth */ = {
			isa = PBXGroup;
			children = (
				D81CF1B029B785700009D125 /* ViewModel */,
				D81CF1AF29B785690009D125 /* Model */,
				33A2023829B0F69E00D85E41 /* View */,
			);
			path = Auth;
			sourceTree = "<group>";
		};
		33A2023829B0F69E00D85E41 /* View */ = {
			isa = PBXGroup;
			children = (
				33A2023929B0F69E00D85E41 /* SingUpViewController.swift */,
				33A2023A29B0F69E00D85E41 /* loginViewController.swift */,
			);
			path = View;
			sourceTree = "<group>";
		};
		33A2023B29B0F69E00D85E41 /* catagory */ = {
			isa = PBXGroup;
			children = (
				33F3A6D329BAEEEF0032FEBA /* ViewModel */,
				33F48FDF29B25DAC00611843 /* Model */,
				33A2023C29B0F69E00D85E41 /* View */,
			);
			path = catagory;
			sourceTree = "<group>";
		};
		33A2023C29B0F69E00D85E41 /* View */ = {
			isa = PBXGroup;
			children = (
				33A2023D29B0F69E00D85E41 /* GridProductCell */,
				33A2024029B0F69E00D85E41 /* catagory Cell */,
				33A2024329B0F69E00D85E41 /* ListproductCell */,
				33A2024629B0F69E00D85E41 /* CatagoryViewController.swift */,
				33F3A6D429BAEF2D0032FEBA /* CategoryCollectionViewDataSource.swift */,
			);
			path = View;
			sourceTree = "<group>";
		};
		33A2023D29B0F69E00D85E41 /* GridProductCell */ = {
			isa = PBXGroup;
			children = (
				33A2023E29B0F69E00D85E41 /* GridProductCollectionViewCell.swift */,
				33A2023F29B0F69E00D85E41 /* GridProductCollectionViewCell.xib */,
			);
			path = GridProductCell;
			sourceTree = "<group>";
		};
		33A2024029B0F69E00D85E41 /* catagory Cell */ = {
			isa = PBXGroup;
			children = (
				33A2024129B0F69E00D85E41 /* CatagoryCollectionViewCell.swift */,
				33A2024229B0F69E00D85E41 /* CatagoryCollectionViewCell.xib */,
			);
			path = "catagory Cell";
			sourceTree = "<group>";
		};
		33A2024329B0F69E00D85E41 /* ListproductCell */ = {
			isa = PBXGroup;
			children = (
				33A2024429B0F69E00D85E41 /* ProductCollectionViewCell.xib */,
				33A2024529B0F69E00D85E41 /* ProductCollectionViewCell.swift */,
			);
			path = ListproductCell;
			sourceTree = "<group>";
		};
		33A2025029B0F6AF00D85E41 /* Product */ = {
			isa = PBXGroup;
			children = (
				3340090E29BAD24A00BFE845 /* ViewModel  */,
				33F48FDC29B22DC400611843 /* Model */,
				33A2025129B0F6AF00D85E41 /* View */,
			);
			path = Product;
			sourceTree = "<group>";
		};
		33A2025129B0F6AF00D85E41 /* View */ = {
			isa = PBXGroup;
			children = (
				3340090C29BAD1FE00BFE845 /* ProductCollectionViewDataSource.swift */,
				33A2025229B0F6AF00D85E41 /* ProductOfBrandVC.swift */,
				33A2025329B0F6AF00D85E41 /* ProductCell */,
			);
			path = View;
			sourceTree = "<group>";
		};
		33A2025329B0F6AF00D85E41 /* ProductCell */ = {
			isa = PBXGroup;
			children = (
				33A2025429B0F6AF00D85E41 /* ProductOFBrandCollectionViewCell.swift */,
				33A2025529B0F6AF00D85E41 /* ProductOFBrandCollectionViewCell.xib */,
			);
			path = ProductCell;
			sourceTree = "<group>";
		};
		33A2025629B0F6AF00D85E41 /* Home */ = {
			isa = PBXGroup;
			children = (
				3340090929BAC69A00BFE845 /* ViewModel  */,
				33B205FA29B16E0000AFBB17 /* Model */,
				33A2025729B0F6AF00D85E41 /* View */,
			);
			path = Home;
			sourceTree = "<group>";
		};
		33A2025729B0F6AF00D85E41 /* View */ = {
			isa = PBXGroup;
			children = (
				3340090729BAC5B600BFE845 /* HomeCollectionViewDataSource.swift */,
				33A2025829B0F6AF00D85E41 /* HomeViewController.swift */,
				33A2025929B0F6AF00D85E41 /* BrandsCell */,
			);
			path = View;
			sourceTree = "<group>";
		};
		33A2025929B0F6AF00D85E41 /* BrandsCell */ = {
			isa = PBXGroup;
			children = (
				33A2025A29B0F6AF00D85E41 /* BrandsCollectionViewCell.swift */,
				33A2025B29B0F6AF00D85E41 /* BrandsCollectionViewCell.xib */,
			);
			path = BrandsCell;
			sourceTree = "<group>";
		};
		33B205FA29B16E0000AFBB17 /* Model */ = {
			isa = PBXGroup;
			children = (
				33B205F829B16DF500AFBB17 /* BrandModel.swift */,
			);
			path = Model;
			sourceTree = "<group>";
		};
		33D742DC29B7B48500535E20 /* Product */ = {
			isa = PBXGroup;
			children = (
				33D742E129B7B50700535E20 /* Products.swift */,
				33D742D429B7B42B00535E20 /* Product.swift */,
				33D742D829B7B45B00535E20 /* ProductImage.swift */,
				33D742D629B7B44A00535E20 /* Variants.swift */,
				33D742DA29B7B47600535E20 /* Images.swift */,
				33F48FDD29B22DF600611843 /* BrandProductResponse.swift */,
			);
			path = Product;
			sourceTree = "<group>";
		};
		33E1616929B7549600A13B29 /* Order */ = {
			isa = PBXGroup;
			children = (
				33E1616D29B7625800A13B29 /* ViewModel */,
				33E1616A29B7553300A13B29 /* Model */,
				339159AD29B9361D00036033 /* View */,
			);
			path = Order;
			sourceTree = "<group>";
		};
		33E1616A29B7553300A13B29 /* Model */ = {
			isa = PBXGroup;
			children = (
				33E1616B29B7555100A13B29 /* order.swift */,
			);
			path = Model;
			sourceTree = "<group>";
		};
		33E1616D29B7625800A13B29 /* ViewModel */ = {
			isa = PBXGroup;
			children = (
				33E1616E29B7626D00A13B29 /* OrderViewModel.swift */,
			);
			path = ViewModel;
			sourceTree = "<group>";
		};
		33E4B4F829BC06D500D8A22D /* AddressCell */ = {
			isa = PBXGroup;
			children = (
				33E4B4F929BC06D500D8A22D /* AddressTVCell.xib */,
				33E4B4FA29BC06D500D8A22D /* AddressTVCell.swift */,
			);
			name = AddressCell;
			path = "../../../../../../back/Shopify-App/Shopify App/Address/AddressCell";
			sourceTree = "<group>";
		};
		33E4B4FE29BC09AB00D8A22D /* Model */ = {
			isa = PBXGroup;
			children = (
			);
			path = Model;
			sourceTree = "<group>";
		};
		33E4B4FF29BC09C700D8A22D /* ViewModel */ = {
			isa = PBXGroup;
			children = (
			);
			path = ViewModel;
			sourceTree = "<group>";
		};
		33EDD8E829B8C831008C815A /* ordersCell */ = {
			isa = PBXGroup;
			children = (
				33EDD8E929B8C831008C815A /* OrdersTVC.swift */,
				33EDD8EA29B8C831008C815A /* OrdersTVC.xib */,
			);
			path = ordersCell;
			sourceTree = "<group>";
		};
		33F3A6D329BAEEEF0032FEBA /* ViewModel */ = {
			isa = PBXGroup;
			children = (
				33F3A6D629BAEFB50032FEBA /* CategoryViewModel .swift */,
			);
			path = ViewModel;
			sourceTree = "<group>";
		};
		33F48FDC29B22DC400611843 /* Model */ = {
			isa = PBXGroup;
			children = (
				33D742DC29B7B48500535E20 /* Product */,
			);
			path = Model;
			sourceTree = "<group>";
		};
		33F48FDF29B25DAC00611843 /* Model */ = {
			isa = PBXGroup;
			children = (
				33F48FE029B25DFA00611843 /* subCatecoryResponse.swift */,
			);
			path = Model;
			sourceTree = "<group>";
		};
		7BFB95F429B0EAF2002D5253 /* Me */ = {
			isa = PBXGroup;
			children = (
				33E4B4FF29BC09C700D8A22D /* ViewModel */,
				33E4B4FE29BC09AB00D8A22D /* Model */,
				7BFB95F529B0EAF9002D5253 /* View */,
			);
			path = Me;
			sourceTree = "<group>";
		};
		7BFB95F529B0EAF9002D5253 /* View */ = {
			isa = PBXGroup;
			children = (
				7BFB95FE29B0EB28002D5253 /* AboutUsVC.swift */,
				7BFB95FC29B0EB27002D5253 /* ContactUsVC.swift */,
				D893DFF229BBEB6E00C1E74F /* MeVC.swift */,
				7BFB95F829B0EB26002D5253 /* OrdersTableCell.swift */,
				D893DFF429BBEBC000C1E74F /* SettingsVC.swift */,
				7BFB95F629B0EB25002D5253 /* WishListTableCell.swift */,
			);
			path = View;
			sourceTree = "<group>";
		};
		8C24C1DD29AE777300AE390B = {
			isa = PBXGroup;
			children = (
				8C24C1E829AE777400AE390B /* Shopify App */,
				8C24C20229AE77BD00AE390B /* Shopify AppTests */,
				8C24C20C29AE77BD00AE390B /* Shopify AppUITests */,
				8C24C1E729AE777400AE390B /* Products */,
				FFD7BDC28424FEE2094FCB09 /* Pods */,
				CC3AA49F5E9D90094A61E499 /* Frameworks */,
			);
			sourceTree = "<group>";
		};
		8C24C1E729AE777400AE390B /* Products */ = {
			isa = PBXGroup;
			children = (
				8C24C1E629AE777400AE390B /* Shopify App.app */,
				8C24C1FF29AE77BD00AE390B /* Shopify AppTests.xctest */,
				8C24C20929AE77BD00AE390B /* Shopify AppUITests.xctest */,
			);
			name = Products;
			sourceTree = "<group>";
		};
		8C24C1E829AE777400AE390B /* Shopify App */ = {
			isa = PBXGroup;
			children = (
				336C254C29B6664700C78A98 /* Model */,
				8CE29A0129AF8A5E004BF111 /* View */,
				33A2022F29B0F62200D85E41 /* Helper */,
				8CE29A0029AF8A24004BF111 /* Core */,
				331BB3E729AF7F4C00466C97 /* Resources */,
				331BB3F129AF7F4C00466C97 /* Modules */,
				331BB40729AF806E00466C97 /* Assets.xcassets */,
				8C24C1FA29AE77BB00AE390B /* Info.plist */,
				8C24C1F229AE777500AE390B /* Shopify_App.xcdatamodeld */,
			);
			path = "Shopify App";
			sourceTree = "<group>";
		};
		8C24C20229AE77BD00AE390B /* Shopify AppTests */ = {
			isa = PBXGroup;
			children = (
				8C24C20329AE77BD00AE390B /* Shopify_AppTests.swift */,
			);
			path = "Shopify AppTests";
			sourceTree = "<group>";
		};
		8C24C20C29AE77BD00AE390B /* Shopify AppUITests */ = {
			isa = PBXGroup;
			children = (
				8C24C20D29AE77BD00AE390B /* Shopify_AppUITests.swift */,
				8C24C20F29AE77BD00AE390B /* Shopify_AppUITestsLaunchTests.swift */,
			);
			path = "Shopify AppUITests";
			sourceTree = "<group>";
		};
		8CA6A06A29AFB3A0006809E9 /* Payment */ = {
			isa = PBXGroup;
			children = (
				8CA6A06B29AFB3E8006809E9 /* View */,
			);
			path = Payment;
			sourceTree = "<group>";
		};
		8CA6A06B29AFB3E8006809E9 /* View */ = {
			isa = PBXGroup;
			children = (
				8CA6A06C29AFB444006809E9 /* ConfirmPaymentVC.swift */,
				8CA6A06E29AFB4E4006809E9 /* CouponTextField.swift */,
				8CA6A07229AFCE87006809E9 /* PaymentOptionsVC.swift */,
				8CA6A07429AFCED1006809E9 /* PaymentOptionsCell.swift */,
			);
			path = View;
			sourceTree = "<group>";
		};
		8CE299FF29AF89E0004BF111 /* View */ = {
			isa = PBXGroup;
			children = (
				D8784BAC29AF680300231982 /* SplashVC.swift */,
				D8784BAE29AF682E00231982 /* TabBarVC.swift */,
			);
			path = View;
			sourceTree = "<group>";
		};
		8CE29A0029AF8A24004BF111 /* Core */ = {
			isa = PBXGroup;
			children = (
				8C24C1EB29AE777400AE390B /* SceneDelegate.swift */,
				8C24C1E929AE777400AE390B /* AppDelegate.swift */,
			);
			path = Core;
			sourceTree = "<group>";
		};
		8CE29A0129AF8A5E004BF111 /* View */ = {
			isa = PBXGroup;
			children = (
				8C24C1EF29AE777500AE390B /* Main.storyboard */,
				8C24C1F729AE77BB00AE390B /* LaunchScreen.storyboard */,
			);
			path = View;
			sourceTree = "<group>";
		};
		CC3AA49F5E9D90094A61E499 /* Frameworks */ = {
			isa = PBXGroup;
			children = (
				5ED22B020899511829DE094C /* Pods_Shopify_App.framework */,
				9093B40DFEA4B6BEA0BAF393 /* Pods_Shopify_App_Shopify_AppUITests.framework */,
				FBB050D1A4B5081AEFC597C7 /* Pods_Shopify_AppTests.framework */,
			);
			name = Frameworks;
			sourceTree = "<group>";
		};
		D81CF1AA29B785260009D125 /* Network */ = {
			isa = PBXGroup;
			children = (
				336C254129B632E500C78A98 /* Networking.swift */,
				33714F4F29BA3BC700845B9B /* ApiClient.swift */,
				D81CF1AD29B7853E0009D125 /* EndPoints.swift */,
				336C253D29B6318D00C78A98 /* URLs.swift */,
			);
			path = Network;
			sourceTree = "<group>";
		};
		D81CF1AF29B785690009D125 /* Model */ = {
			isa = PBXGroup;
			children = (
				D81CF1B229B7857B0009D125 /* CreateCustomerResponse.swift */,
				D81CF1B329B7857C0009D125 /* Errors.swift */,
			);
			path = Model;
			sourceTree = "<group>";
		};
		D81CF1B029B785700009D125 /* ViewModel */ = {
			isa = PBXGroup;
			children = (
				D81CF1B729B785830009D125 /* LoginViewModel.swift */,
				D81CF1B829B785830009D125 /* SignUpViewModel.swift */,
			);
			path = ViewModel;
			sourceTree = "<group>";
		};
		D8784BAB29AF67DC00231982 /* SplashScreen */ = {
			isa = PBXGroup;
			children = (
				8CE299FF29AF89E0004BF111 /* View */,
				D8784BB029AF688E00231982 /* splashGIF.json */,
			);
			path = SplashScreen;
			sourceTree = "<group>";
		};
		D8E34D7D29B0DC0B00590317 /* ProductView */ = {
			isa = PBXGroup;
			children = (
				D8E34D7E29B0DC2400590317 /* ProductCVC.swift */,
				D8E34D7F29B0DC2400590317 /* ProductVC.swift */,
			);
			path = ProductView;
			sourceTree = "<group>";
		};
		D8E34D8829B0DC8900590317 /* FavView */ = {
			isa = PBXGroup;
			children = (
				D8E34D8D29B0DCE900590317 /* View */,
			);
			path = FavView;
			sourceTree = "<group>";
		};
		D8E34D8D29B0DCE900590317 /* View */ = {
			isa = PBXGroup;
			children = (
				D8E34D8929B0DCA100590317 /* FavourieTableViewCell.swift */,
				D8E34D8A29B0DCA100590317 /* FavouriteVC.swift */,
			);
			path = View;
			sourceTree = "<group>";
		};
		FFD7BDC28424FEE2094FCB09 /* Pods */ = {
			isa = PBXGroup;
			children = (
				1544CE7A805118114A50F53C /* Pods-Shopify App.debug.xcconfig */,
				301E00E7B6C488EBA538CA4B /* Pods-Shopify App.release.xcconfig */,
				6CC8966D5DEB50ADAB926022 /* Pods-Shopify App-Shopify AppUITests.debug.xcconfig */,
				24DC83E1FDA16C85CC927B3A /* Pods-Shopify App-Shopify AppUITests.release.xcconfig */,
				95D942107A9CDA19A0AD03FB /* Pods-Shopify AppTests.debug.xcconfig */,
				F7657BACE5A5502BC4F1A3C8 /* Pods-Shopify AppTests.release.xcconfig */,
			);
			path = Pods;
			sourceTree = "<group>";
		};
/* End PBXGroup section */

/* Begin PBXNativeTarget section */
		8C24C1E529AE777400AE390B /* Shopify App */ = {
			isa = PBXNativeTarget;
			buildConfigurationList = 8C24C21329AE77BD00AE390B /* Build configuration list for PBXNativeTarget "Shopify App" */;
			buildPhases = (
				85856BB93BC2BC1B603B02F8 /* [CP] Check Pods Manifest.lock */,
				8C24C1E229AE777400AE390B /* Sources */,
				8C24C1E329AE777400AE390B /* Frameworks */,
				8C24C1E429AE777400AE390B /* Resources */,
				A58C5D5E7C6A9AC366A5DB4D /* [CP] Embed Pods Frameworks */,
			);
			buildRules = (
			);
			dependencies = (
			);
			name = "Shopify App";
			packageProductDependencies = (
				D84335E329B11512003F7093 /* Alamofire */,
				D84335E629B11595003F7093 /* Reachability */,
				335D05D529B219B300D0F39D /* Kingfisher */,
			);
			productName = "Shopify App";
			productReference = 8C24C1E629AE777400AE390B /* Shopify App.app */;
			productType = "com.apple.product-type.application";
		};
		8C24C1FE29AE77BD00AE390B /* Shopify AppTests */ = {
			isa = PBXNativeTarget;
			buildConfigurationList = 8C24C21629AE77BD00AE390B /* Build configuration list for PBXNativeTarget "Shopify AppTests" */;
			buildPhases = (
				6886F313A6999740939F807D /* [CP] Check Pods Manifest.lock */,
				8C24C1FB29AE77BD00AE390B /* Sources */,
				8C24C1FC29AE77BD00AE390B /* Frameworks */,
				8C24C1FD29AE77BD00AE390B /* Resources */,
			);
			buildRules = (
			);
			dependencies = (
				8C24C20129AE77BD00AE390B /* PBXTargetDependency */,
			);
			name = "Shopify AppTests";
			productName = "Shopify AppTests";
			productReference = 8C24C1FF29AE77BD00AE390B /* Shopify AppTests.xctest */;
			productType = "com.apple.product-type.bundle.unit-test";
		};
		8C24C20829AE77BD00AE390B /* Shopify AppUITests */ = {
			isa = PBXNativeTarget;
			buildConfigurationList = 8C24C21929AE77BD00AE390B /* Build configuration list for PBXNativeTarget "Shopify AppUITests" */;
			buildPhases = (
				9F7616143A937079B346671B /* [CP] Check Pods Manifest.lock */,
				8C24C20529AE77BD00AE390B /* Sources */,
				8C24C20629AE77BD00AE390B /* Frameworks */,
				8C24C20729AE77BD00AE390B /* Resources */,
				B9525E7DDDB2395DADDB3E95 /* [CP] Embed Pods Frameworks */,
			);
			buildRules = (
			);
			dependencies = (
				8C24C20B29AE77BD00AE390B /* PBXTargetDependency */,
			);
			name = "Shopify AppUITests";
			productName = "Shopify AppUITests";
			productReference = 8C24C20929AE77BD00AE390B /* Shopify AppUITests.xctest */;
			productType = "com.apple.product-type.bundle.ui-testing";
		};
/* End PBXNativeTarget section */

/* Begin PBXProject section */
		8C24C1DE29AE777300AE390B /* Project object */ = {
			isa = PBXProject;
			attributes = {
				BuildIndependentTargetsInParallel = 1;
				LastSwiftUpdateCheck = 1420;
				LastUpgradeCheck = 1420;
				TargetAttributes = {
					8C24C1E529AE777400AE390B = {
						CreatedOnToolsVersion = 14.2;
					};
					8C24C1FE29AE77BD00AE390B = {
						CreatedOnToolsVersion = 14.2;
						TestTargetID = 8C24C1E529AE777400AE390B;
					};
					8C24C20829AE77BD00AE390B = {
						CreatedOnToolsVersion = 14.2;
						TestTargetID = 8C24C1E529AE777400AE390B;
					};
				};
			};
			buildConfigurationList = 8C24C1E129AE777300AE390B /* Build configuration list for PBXProject "Shopify App" */;
			compatibilityVersion = "Xcode 14.0";
			developmentRegion = en;
			hasScannedForEncodings = 0;
			knownRegions = (
				en,
				Base,
			);
			mainGroup = 8C24C1DD29AE777300AE390B;
			packageReferences = (
				D84335E229B11512003F7093 /* XCRemoteSwiftPackageReference "Alamofire" */,
				D84335E529B11595003F7093 /* XCRemoteSwiftPackageReference "Reachability.swift" */,
				335D05D429B219B300D0F39D /* XCRemoteSwiftPackageReference "Kingfisher" */,
			);
			productRefGroup = 8C24C1E729AE777400AE390B /* Products */;
			projectDirPath = "";
			projectRoot = "";
			targets = (
				8C24C1E529AE777400AE390B /* Shopify App */,
				8C24C1FE29AE77BD00AE390B /* Shopify AppTests */,
				8C24C20829AE77BD00AE390B /* Shopify AppUITests */,
			);
		};
/* End PBXProject section */

/* Begin PBXResourcesBuildPhase section */
		8C24C1E429AE777400AE390B /* Resources */ = {
			isa = PBXResourcesBuildPhase;
			buildActionMask = 2147483647;
			files = (
				331BB3FB29AF7F4C00466C97 /* Roboto-Medium.ttf in Resources */,
				33A2024C29B0F69E00D85E41 /* CatagoryCollectionViewCell.xib in Resources */,
				33E4B4FB29BC06D500D8A22D /* AddressTVCell.xib in Resources */,
				33A2024D29B0F69E00D85E41 /* ProductCollectionViewCell.xib in Resources */,
				331BB3FD29AF7F4C00466C97 /* Roboto-Regular.ttf in Resources */,
				8C24C1F929AE77BB00AE390B /* LaunchScreen.storyboard in Resources */,
				331BB40829AF806F00466C97 /* Assets.xcassets in Resources */,
				33A2025E29B0F6AF00D85E41 /* ProductOFBrandCollectionViewCell.xib in Resources */,
				33A2024A29B0F69E00D85E41 /* GridProductCollectionViewCell.xib in Resources */,
				331BB3FC29AF7F4C00466C97 /* Roboto-Light.ttf in Resources */,
				331BB3FF29AF7F4C00466C97 /* Roboto-Black.ttf in Resources */,
				33EDD8EC29B8C831008C815A /* OrdersTVC.xib in Resources */,
				33A2026129B0F6AF00D85E41 /* BrandsCollectionViewCell.xib in Resources */,
				8C24C1F129AE777500AE390B /* Main.storyboard in Resources */,
				331BB3FE29AF7F4C00466C97 /* Roboto-Bold.ttf in Resources */,
				D8784BB129AF688E00231982 /* splashGIF.json in Resources */,
			);
			runOnlyForDeploymentPostprocessing = 0;
		};
		8C24C1FD29AE77BD00AE390B /* Resources */ = {
			isa = PBXResourcesBuildPhase;
			buildActionMask = 2147483647;
			files = (
			);
			runOnlyForDeploymentPostprocessing = 0;
		};
		8C24C20729AE77BD00AE390B /* Resources */ = {
			isa = PBXResourcesBuildPhase;
			buildActionMask = 2147483647;
			files = (
			);
			runOnlyForDeploymentPostprocessing = 0;
		};
/* End PBXResourcesBuildPhase section */

/* Begin PBXShellScriptBuildPhase section */
		6886F313A6999740939F807D /* [CP] Check Pods Manifest.lock */ = {
			isa = PBXShellScriptBuildPhase;
			buildActionMask = 2147483647;
			files = (
			);
			inputFileListPaths = (
			);
			inputPaths = (
				"${PODS_PODFILE_DIR_PATH}/Podfile.lock",
				"${PODS_ROOT}/Manifest.lock",
			);
			name = "[CP] Check Pods Manifest.lock";
			outputFileListPaths = (
			);
			outputPaths = (
				"$(DERIVED_FILE_DIR)/Pods-Shopify AppTests-checkManifestLockResult.txt",
			);
			runOnlyForDeploymentPostprocessing = 0;
			shellPath = /bin/sh;
			shellScript = "diff \"${PODS_PODFILE_DIR_PATH}/Podfile.lock\" \"${PODS_ROOT}/Manifest.lock\" > /dev/null\nif [ $? != 0 ] ; then\n    # print error to STDERR\n    echo \"error: The sandbox is not in sync with the Podfile.lock. Run 'pod install' or update your CocoaPods installation.\" >&2\n    exit 1\nfi\n# This output is used by Xcode 'outputs' to avoid re-running this script phase.\necho \"SUCCESS\" > \"${SCRIPT_OUTPUT_FILE_0}\"\n";
			showEnvVarsInLog = 0;
		};
		85856BB93BC2BC1B603B02F8 /* [CP] Check Pods Manifest.lock */ = {
			isa = PBXShellScriptBuildPhase;
			buildActionMask = 2147483647;
			files = (
			);
			inputFileListPaths = (
			);
			inputPaths = (
				"${PODS_PODFILE_DIR_PATH}/Podfile.lock",
				"${PODS_ROOT}/Manifest.lock",
			);
			name = "[CP] Check Pods Manifest.lock";
			outputFileListPaths = (
			);
			outputPaths = (
				"$(DERIVED_FILE_DIR)/Pods-Shopify App-checkManifestLockResult.txt",
			);
			runOnlyForDeploymentPostprocessing = 0;
			shellPath = /bin/sh;
			shellScript = "diff \"${PODS_PODFILE_DIR_PATH}/Podfile.lock\" \"${PODS_ROOT}/Manifest.lock\" > /dev/null\nif [ $? != 0 ] ; then\n    # print error to STDERR\n    echo \"error: The sandbox is not in sync with the Podfile.lock. Run 'pod install' or update your CocoaPods installation.\" >&2\n    exit 1\nfi\n# This output is used by Xcode 'outputs' to avoid re-running this script phase.\necho \"SUCCESS\" > \"${SCRIPT_OUTPUT_FILE_0}\"\n";
			showEnvVarsInLog = 0;
		};
		9F7616143A937079B346671B /* [CP] Check Pods Manifest.lock */ = {
			isa = PBXShellScriptBuildPhase;
			buildActionMask = 2147483647;
			files = (
			);
			inputFileListPaths = (
			);
			inputPaths = (
				"${PODS_PODFILE_DIR_PATH}/Podfile.lock",
				"${PODS_ROOT}/Manifest.lock",
			);
			name = "[CP] Check Pods Manifest.lock";
			outputFileListPaths = (
			);
			outputPaths = (
				"$(DERIVED_FILE_DIR)/Pods-Shopify App-Shopify AppUITests-checkManifestLockResult.txt",
			);
			runOnlyForDeploymentPostprocessing = 0;
			shellPath = /bin/sh;
			shellScript = "diff \"${PODS_PODFILE_DIR_PATH}/Podfile.lock\" \"${PODS_ROOT}/Manifest.lock\" > /dev/null\nif [ $? != 0 ] ; then\n    # print error to STDERR\n    echo \"error: The sandbox is not in sync with the Podfile.lock. Run 'pod install' or update your CocoaPods installation.\" >&2\n    exit 1\nfi\n# This output is used by Xcode 'outputs' to avoid re-running this script phase.\necho \"SUCCESS\" > \"${SCRIPT_OUTPUT_FILE_0}\"\n";
			showEnvVarsInLog = 0;
		};
		A58C5D5E7C6A9AC366A5DB4D /* [CP] Embed Pods Frameworks */ = {
			isa = PBXShellScriptBuildPhase;
			buildActionMask = 2147483647;
			files = (
			);
			inputFileListPaths = (
				"${PODS_ROOT}/Target Support Files/Pods-Shopify App/Pods-Shopify App-frameworks-${CONFIGURATION}-input-files.xcfilelist",
			);
			name = "[CP] Embed Pods Frameworks";
			outputFileListPaths = (
				"${PODS_ROOT}/Target Support Files/Pods-Shopify App/Pods-Shopify App-frameworks-${CONFIGURATION}-output-files.xcfilelist",
			);
			runOnlyForDeploymentPostprocessing = 0;
			shellPath = /bin/sh;
			shellScript = "\"${PODS_ROOT}/Target Support Files/Pods-Shopify App/Pods-Shopify App-frameworks.sh\"\n";
			showEnvVarsInLog = 0;
		};
		B9525E7DDDB2395DADDB3E95 /* [CP] Embed Pods Frameworks */ = {
			isa = PBXShellScriptBuildPhase;
			buildActionMask = 2147483647;
			files = (
			);
			inputFileListPaths = (
				"${PODS_ROOT}/Target Support Files/Pods-Shopify App-Shopify AppUITests/Pods-Shopify App-Shopify AppUITests-frameworks-${CONFIGURATION}-input-files.xcfilelist",
			);
			name = "[CP] Embed Pods Frameworks";
			outputFileListPaths = (
				"${PODS_ROOT}/Target Support Files/Pods-Shopify App-Shopify AppUITests/Pods-Shopify App-Shopify AppUITests-frameworks-${CONFIGURATION}-output-files.xcfilelist",
			);
			runOnlyForDeploymentPostprocessing = 0;
			shellPath = /bin/sh;
			shellScript = "\"${PODS_ROOT}/Target Support Files/Pods-Shopify App-Shopify AppUITests/Pods-Shopify App-Shopify AppUITests-frameworks.sh\"\n";
			showEnvVarsInLog = 0;
		};
/* End PBXShellScriptBuildPhase section */

/* Begin PBXSourcesBuildPhase section */
		8C24C1E229AE777400AE390B /* Sources */ = {
			isa = PBXSourcesBuildPhase;
			buildActionMask = 2147483647;
			files = (
				336C254F29B6666900C78A98 /* CoreDataServices.swift in Sources */,
				33EDD8E629B8C68E008C815A /* OrdersVC.swift in Sources */,
				7BFB960629B0EB29002D5253 /* ContactUsVC.swift in Sources */,
				7BFB960429B0EB29002D5253 /* AddNewAddressVC.swift in Sources */,
				33A2025C29B0F6AF00D85E41 /* ProductOfBrandVC.swift in Sources */,
				D81CF1AE29B7853E0009D125 /* EndPoints.swift in Sources */,
				33D742D729B7B44A00535E20 /* Variants.swift in Sources */,
				33E1616C29B7555100A13B29 /* order.swift in Sources */,
				33D742DB29B7B47600535E20 /* Images.swift in Sources */,
				D81CF1B529B7857C0009D125 /* CreateCustomerResponse.swift in Sources */,
				D81CF1B929B785830009D125 /* LoginViewModel.swift in Sources */,
				3340090D29BAD1FE00BFE845 /* ProductCollectionViewDataSource.swift in Sources */,
				33E1616F29B7626D00A13B29 /* OrderViewModel.swift in Sources */,
				33A2024B29B0F69E00D85E41 /* CatagoryCollectionViewCell.swift in Sources */,
				D8E34D8C29B0DCA100590317 /* FavouriteVC.swift in Sources */,
				8CA6A06D29AFB444006809E9 /* ConfirmPaymentVC.swift in Sources */,
				D8E34D8B29B0DCA100590317 /* FavourieTableViewCell.swift in Sources */,
				33A2023429B0F62200D85E41 /* EXUIView.swift in Sources */,
				33D742D929B7B45B00535E20 /* ProductImage.swift in Sources */,
				33F3A6D529BAEF2D0032FEBA /* CategoryCollectionViewDataSource.swift in Sources */,
				7BFB960229B0EB29002D5253 /* OrdersTableCell.swift in Sources */,
				33E4B4FC29BC06D500D8A22D /* AddressTVCell.swift in Sources */,
				33A2023629B0F62200D85E41 /* Typealias.swift in Sources */,
				33F3A6D729BAEFB50032FEBA /* CategoryViewModel .swift in Sources */,
				339159AF29B9365200036033 /* AllOrderViewController.swift in Sources */,
				336C254B29B665AB00C78A98 /* AddressViewModel.swift in Sources */,
				7BFB960829B0EB29002D5253 /* AboutUsVC.swift in Sources */,
				33A2024E29B0F69E00D85E41 /* ProductCollectionViewCell.swift in Sources */,
				33714F5429BA3D4D00845B9B /* FavProduct.swift in Sources */,
				D8784BAD29AF680300231982 /* SplashVC.swift in Sources */,
				8C24C1EA29AE777400AE390B /* AppDelegate.swift in Sources */,
				336C254829B6654700C78A98 /* AddressTableVC.swift in Sources */,
				D893DFF529BBEBC000C1E74F /* SettingsVC.swift in Sources */,
				336C253E29B6318D00C78A98 /* URLs.swift in Sources */,
				33714F5029BA3BC700845B9B /* ApiClient.swift in Sources */,
				33A2023529B0F62200D85E41 /* CardView.swift in Sources */,
				33B205F929B16DF500AFBB17 /* BrandModel.swift in Sources */,
				3340090B29BAC6B500BFE845 /* HomeViewModel .swift in Sources */,
				8CA6A07529AFCED2006809E9 /* PaymentOptionsCell.swift in Sources */,
				3340090829BAC5B600BFE845 /* HomeCollectionViewDataSource.swift in Sources */,
				33F48FDE29B22DF600611843 /* BrandProductResponse.swift in Sources */,
				D8E34D8129B0DC2400590317 /* ProductVC.swift in Sources */,
				33F48FE129B25DFA00611843 /* subCatecoryResponse.swift in Sources */,
				7BFB960029B0EB29002D5253 /* WishListTableCell.swift in Sources */,
				8C24C1F429AE777500AE390B /* Shopify_App.xcdatamodeld in Sources */,
				33D742D529B7B42B00535E20 /* Product.swift in Sources */,
				33EDD8E729B8C68E008C815A /* OrdersTableVC.swift in Sources */,
				33A2024F29B0F69E00D85E41 /* CatagoryViewController.swift in Sources */,
				33A2024829B0F69E00D85E41 /* loginViewController.swift in Sources */,
				D81CF1B629B7857C0009D125 /* Errors.swift in Sources */,
				8CA6A07329AFCE87006809E9 /* PaymentOptionsVC.swift in Sources */,
				D8784BAF29AF682E00231982 /* TabBarVC.swift in Sources */,
				336C254429B634A600C78A98 /* ViewController + Extension.swift in Sources */,
				33A2026029B0F6AF00D85E41 /* BrandsCollectionViewCell.swift in Sources */,
				33714F5329BA3D4D00845B9B /* CoreDataManager.swift in Sources */,
				336C254729B6654700C78A98 /* AddressVC.swift in Sources */,
				33D742E229B7B50700535E20 /* Products.swift in Sources */,
				33A2025D29B0F6AF00D85E41 /* ProductOFBrandCollectionViewCell.swift in Sources */,
				33A2024929B0F69E00D85E41 /* GridProductCollectionViewCell.swift in Sources */,
				336C254229B632E500C78A98 /* Networking.swift in Sources */,
				336C253A29B62DA000C78A98 /* Customer.swift in Sources */,
				3340091029BAD26500BFE845 /* ProductViewModel .swift in Sources */,
				D8E34D8029B0DC2400590317 /* ProductCVC.swift in Sources */,
				336C253729B62B6200C78A98 /* CreateAddressVC.swift in Sources */,
				8CA6A06F29AFB4E4006809E9 /* CouponTextField.swift in Sources */,
				33A2025F29B0F6AF00D85E41 /* HomeViewController.swift in Sources */,
				336C253C29B62FF100C78A98 /* Encodable + extension.swift in Sources */,
				D893DFF329BBEB6E00C1E74F /* MeVC.swift in Sources */,
				336C254029B632A700C78A98 /* Helper.swift in Sources */,
				33A2024729B0F69E00D85E41 /* SingUpViewController.swift in Sources */,
				33EDD8EB29B8C831008C815A /* OrdersTVC.swift in Sources */,
				339159B129B936C800036033 /* AllOrderTableViewCell.swift in Sources */,
				8C24C1EC29AE777400AE390B /* SceneDelegate.swift in Sources */,
				D81CF1BA29B785830009D125 /* SignUpViewModel.swift in Sources */,
			);
			runOnlyForDeploymentPostprocessing = 0;
		};
		8C24C1FB29AE77BD00AE390B /* Sources */ = {
			isa = PBXSourcesBuildPhase;
			buildActionMask = 2147483647;
			files = (
				8C24C20429AE77BD00AE390B /* Shopify_AppTests.swift in Sources */,
			);
			runOnlyForDeploymentPostprocessing = 0;
		};
		8C24C20529AE77BD00AE390B /* Sources */ = {
			isa = PBXSourcesBuildPhase;
			buildActionMask = 2147483647;
			files = (
				8C24C20E29AE77BD00AE390B /* Shopify_AppUITests.swift in Sources */,
				8C24C21029AE77BD00AE390B /* Shopify_AppUITestsLaunchTests.swift in Sources */,
			);
			runOnlyForDeploymentPostprocessing = 0;
		};
/* End PBXSourcesBuildPhase section */

/* Begin PBXTargetDependency section */
		8C24C20129AE77BD00AE390B /* PBXTargetDependency */ = {
			isa = PBXTargetDependency;
			target = 8C24C1E529AE777400AE390B /* Shopify App */;
			targetProxy = 8C24C20029AE77BD00AE390B /* PBXContainerItemProxy */;
		};
		8C24C20B29AE77BD00AE390B /* PBXTargetDependency */ = {
			isa = PBXTargetDependency;
			target = 8C24C1E529AE777400AE390B /* Shopify App */;
			targetProxy = 8C24C20A29AE77BD00AE390B /* PBXContainerItemProxy */;
		};
/* End PBXTargetDependency section */

/* Begin PBXVariantGroup section */
		8C24C1EF29AE777500AE390B /* Main.storyboard */ = {
			isa = PBXVariantGroup;
			children = (
				8C24C1F029AE777500AE390B /* Base */,
			);
			name = Main.storyboard;
			sourceTree = "<group>";
		};
		8C24C1F729AE77BB00AE390B /* LaunchScreen.storyboard */ = {
			isa = PBXVariantGroup;
			children = (
				8C24C1F829AE77BB00AE390B /* Base */,
			);
			name = LaunchScreen.storyboard;
			sourceTree = "<group>";
		};
/* End PBXVariantGroup section */

/* Begin XCBuildConfiguration section */
		8C24C21129AE77BD00AE390B /* Debug */ = {
			isa = XCBuildConfiguration;
			buildSettings = {
				ALWAYS_SEARCH_USER_PATHS = NO;
				CLANG_ANALYZER_NONNULL = YES;
				CLANG_ANALYZER_NUMBER_OBJECT_CONVERSION = YES_AGGRESSIVE;
				CLANG_CXX_LANGUAGE_STANDARD = "gnu++20";
				CLANG_ENABLE_MODULES = YES;
				CLANG_ENABLE_OBJC_ARC = YES;
				CLANG_ENABLE_OBJC_WEAK = YES;
				CLANG_WARN_BLOCK_CAPTURE_AUTORELEASING = YES;
				CLANG_WARN_BOOL_CONVERSION = YES;
				CLANG_WARN_COMMA = YES;
				CLANG_WARN_CONSTANT_CONVERSION = YES;
				CLANG_WARN_DEPRECATED_OBJC_IMPLEMENTATIONS = YES;
				CLANG_WARN_DIRECT_OBJC_ISA_USAGE = YES_ERROR;
				CLANG_WARN_DOCUMENTATION_COMMENTS = YES;
				CLANG_WARN_EMPTY_BODY = YES;
				CLANG_WARN_ENUM_CONVERSION = YES;
				CLANG_WARN_INFINITE_RECURSION = YES;
				CLANG_WARN_INT_CONVERSION = YES;
				CLANG_WARN_NON_LITERAL_NULL_CONVERSION = YES;
				CLANG_WARN_OBJC_IMPLICIT_RETAIN_SELF = YES;
				CLANG_WARN_OBJC_LITERAL_CONVERSION = YES;
				CLANG_WARN_OBJC_ROOT_CLASS = YES_ERROR;
				CLANG_WARN_QUOTED_INCLUDE_IN_FRAMEWORK_HEADER = YES;
				CLANG_WARN_RANGE_LOOP_ANALYSIS = YES;
				CLANG_WARN_STRICT_PROTOTYPES = YES;
				CLANG_WARN_SUSPICIOUS_MOVE = YES;
				CLANG_WARN_UNGUARDED_AVAILABILITY = YES_AGGRESSIVE;
				CLANG_WARN_UNREACHABLE_CODE = YES;
				CLANG_WARN__DUPLICATE_METHOD_MATCH = YES;
				COPY_PHASE_STRIP = NO;
				DEBUG_INFORMATION_FORMAT = dwarf;
				ENABLE_STRICT_OBJC_MSGSEND = YES;
				ENABLE_TESTABILITY = YES;
				GCC_C_LANGUAGE_STANDARD = gnu11;
				GCC_DYNAMIC_NO_PIC = NO;
				GCC_NO_COMMON_BLOCKS = YES;
				GCC_OPTIMIZATION_LEVEL = 0;
				GCC_PREPROCESSOR_DEFINITIONS = (
					"DEBUG=1",
					"$(inherited)",
				);
				GCC_WARN_64_TO_32_BIT_CONVERSION = YES;
				GCC_WARN_ABOUT_RETURN_TYPE = YES_ERROR;
				GCC_WARN_UNDECLARED_SELECTOR = YES;
				GCC_WARN_UNINITIALIZED_AUTOS = YES_AGGRESSIVE;
				GCC_WARN_UNUSED_FUNCTION = YES;
				GCC_WARN_UNUSED_VARIABLE = YES;
				IPHONEOS_DEPLOYMENT_TARGET = 16.2;
				MTL_ENABLE_DEBUG_INFO = INCLUDE_SOURCE;
				MTL_FAST_MATH = YES;
				ONLY_ACTIVE_ARCH = YES;
				SDKROOT = iphoneos;
				SWIFT_ACTIVE_COMPILATION_CONDITIONS = DEBUG;
				SWIFT_OPTIMIZATION_LEVEL = "-Onone";
			};
			name = Debug;
		};
		8C24C21229AE77BD00AE390B /* Release */ = {
			isa = XCBuildConfiguration;
			buildSettings = {
				ALWAYS_SEARCH_USER_PATHS = NO;
				CLANG_ANALYZER_NONNULL = YES;
				CLANG_ANALYZER_NUMBER_OBJECT_CONVERSION = YES_AGGRESSIVE;
				CLANG_CXX_LANGUAGE_STANDARD = "gnu++20";
				CLANG_ENABLE_MODULES = YES;
				CLANG_ENABLE_OBJC_ARC = YES;
				CLANG_ENABLE_OBJC_WEAK = YES;
				CLANG_WARN_BLOCK_CAPTURE_AUTORELEASING = YES;
				CLANG_WARN_BOOL_CONVERSION = YES;
				CLANG_WARN_COMMA = YES;
				CLANG_WARN_CONSTANT_CONVERSION = YES;
				CLANG_WARN_DEPRECATED_OBJC_IMPLEMENTATIONS = YES;
				CLANG_WARN_DIRECT_OBJC_ISA_USAGE = YES_ERROR;
				CLANG_WARN_DOCUMENTATION_COMMENTS = YES;
				CLANG_WARN_EMPTY_BODY = YES;
				CLANG_WARN_ENUM_CONVERSION = YES;
				CLANG_WARN_INFINITE_RECURSION = YES;
				CLANG_WARN_INT_CONVERSION = YES;
				CLANG_WARN_NON_LITERAL_NULL_CONVERSION = YES;
				CLANG_WARN_OBJC_IMPLICIT_RETAIN_SELF = YES;
				CLANG_WARN_OBJC_LITERAL_CONVERSION = YES;
				CLANG_WARN_OBJC_ROOT_CLASS = YES_ERROR;
				CLANG_WARN_QUOTED_INCLUDE_IN_FRAMEWORK_HEADER = YES;
				CLANG_WARN_RANGE_LOOP_ANALYSIS = YES;
				CLANG_WARN_STRICT_PROTOTYPES = YES;
				CLANG_WARN_SUSPICIOUS_MOVE = YES;
				CLANG_WARN_UNGUARDED_AVAILABILITY = YES_AGGRESSIVE;
				CLANG_WARN_UNREACHABLE_CODE = YES;
				CLANG_WARN__DUPLICATE_METHOD_MATCH = YES;
				COPY_PHASE_STRIP = NO;
				DEBUG_INFORMATION_FORMAT = "dwarf-with-dsym";
				ENABLE_NS_ASSERTIONS = NO;
				ENABLE_STRICT_OBJC_MSGSEND = YES;
				GCC_C_LANGUAGE_STANDARD = gnu11;
				GCC_NO_COMMON_BLOCKS = YES;
				GCC_WARN_64_TO_32_BIT_CONVERSION = YES;
				GCC_WARN_ABOUT_RETURN_TYPE = YES_ERROR;
				GCC_WARN_UNDECLARED_SELECTOR = YES;
				GCC_WARN_UNINITIALIZED_AUTOS = YES_AGGRESSIVE;
				GCC_WARN_UNUSED_FUNCTION = YES;
				GCC_WARN_UNUSED_VARIABLE = YES;
				IPHONEOS_DEPLOYMENT_TARGET = 16.2;
				MTL_ENABLE_DEBUG_INFO = NO;
				MTL_FAST_MATH = YES;
				SDKROOT = iphoneos;
				SWIFT_COMPILATION_MODE = wholemodule;
				SWIFT_OPTIMIZATION_LEVEL = "-O";
				VALIDATE_PRODUCT = YES;
			};
			name = Release;
		};
		8C24C21429AE77BD00AE390B /* Debug */ = {
			isa = XCBuildConfiguration;
			baseConfigurationReference = 1544CE7A805118114A50F53C /* Pods-Shopify App.debug.xcconfig */;
			buildSettings = {
				ASSETCATALOG_COMPILER_APPICON_NAME = AppIcon;
				ASSETCATALOG_COMPILER_GLOBAL_ACCENT_COLOR_NAME = AccentColor;
				CODE_SIGN_STYLE = Automatic;
				CURRENT_PROJECT_VERSION = 1;
				GENERATE_INFOPLIST_FILE = YES;
				INFOPLIST_FILE = "Shopify App/Info.plist";
				INFOPLIST_KEY_LSApplicationCategoryType = "public.app-category.shopping";
				INFOPLIST_KEY_UIApplicationSupportsIndirectInputEvents = YES;
				INFOPLIST_KEY_UILaunchStoryboardName = LaunchScreen;
				INFOPLIST_KEY_UIMainStoryboardFile = Main;
				INFOPLIST_KEY_UISupportedInterfaceOrientations_iPad = "UIInterfaceOrientationPortrait UIInterfaceOrientationPortraitUpsideDown UIInterfaceOrientationLandscapeLeft UIInterfaceOrientationLandscapeRight";
				INFOPLIST_KEY_UISupportedInterfaceOrientations_iPhone = "UIInterfaceOrientationPortrait UIInterfaceOrientationLandscapeLeft UIInterfaceOrientationLandscapeRight";
				LD_RUNPATH_SEARCH_PATHS = (
					"$(inherited)",
					"@executable_path/Frameworks",
				);
				MARKETING_VERSION = 1.0;
				PRODUCT_BUNDLE_IDENTIFIER = "iti.Shopify-App";
				PRODUCT_NAME = "$(TARGET_NAME)";
				SWIFT_EMIT_LOC_STRINGS = YES;
				SWIFT_VERSION = 5.0;
				TARGETED_DEVICE_FAMILY = "1,2";
			};
			name = Debug;
		};
		8C24C21529AE77BD00AE390B /* Release */ = {
			isa = XCBuildConfiguration;
			baseConfigurationReference = 301E00E7B6C488EBA538CA4B /* Pods-Shopify App.release.xcconfig */;
			buildSettings = {
				ASSETCATALOG_COMPILER_APPICON_NAME = AppIcon;
				ASSETCATALOG_COMPILER_GLOBAL_ACCENT_COLOR_NAME = AccentColor;
				CODE_SIGN_STYLE = Automatic;
				CURRENT_PROJECT_VERSION = 1;
				GENERATE_INFOPLIST_FILE = YES;
				INFOPLIST_FILE = "Shopify App/Info.plist";
				INFOPLIST_KEY_LSApplicationCategoryType = "public.app-category.shopping";
				INFOPLIST_KEY_UIApplicationSupportsIndirectInputEvents = YES;
				INFOPLIST_KEY_UILaunchStoryboardName = LaunchScreen;
				INFOPLIST_KEY_UIMainStoryboardFile = Main;
				INFOPLIST_KEY_UISupportedInterfaceOrientations_iPad = "UIInterfaceOrientationPortrait UIInterfaceOrientationPortraitUpsideDown UIInterfaceOrientationLandscapeLeft UIInterfaceOrientationLandscapeRight";
				INFOPLIST_KEY_UISupportedInterfaceOrientations_iPhone = "UIInterfaceOrientationPortrait UIInterfaceOrientationLandscapeLeft UIInterfaceOrientationLandscapeRight";
				LD_RUNPATH_SEARCH_PATHS = (
					"$(inherited)",
					"@executable_path/Frameworks",
				);
				MARKETING_VERSION = 1.0;
				PRODUCT_BUNDLE_IDENTIFIER = "iti.Shopify-App";
				PRODUCT_NAME = "$(TARGET_NAME)";
				SWIFT_EMIT_LOC_STRINGS = YES;
				SWIFT_VERSION = 5.0;
				TARGETED_DEVICE_FAMILY = "1,2";
			};
			name = Release;
		};
		8C24C21729AE77BD00AE390B /* Debug */ = {
			isa = XCBuildConfiguration;
			baseConfigurationReference = 95D942107A9CDA19A0AD03FB /* Pods-Shopify AppTests.debug.xcconfig */;
			buildSettings = {
				ALWAYS_EMBED_SWIFT_STANDARD_LIBRARIES = YES;
				BUNDLE_LOADER = "$(TEST_HOST)";
				CODE_SIGN_STYLE = Automatic;
				CURRENT_PROJECT_VERSION = 1;
				GENERATE_INFOPLIST_FILE = YES;
				IPHONEOS_DEPLOYMENT_TARGET = 16.2;
				MARKETING_VERSION = 1.0;
				PRODUCT_BUNDLE_IDENTIFIER = "iti.Shopify-AppTests";
				PRODUCT_NAME = "$(TARGET_NAME)";
				SWIFT_EMIT_LOC_STRINGS = NO;
				SWIFT_VERSION = 5.0;
				TARGETED_DEVICE_FAMILY = "1,2";
				TEST_HOST = "$(BUILT_PRODUCTS_DIR)/Shopify App.app/$(BUNDLE_EXECUTABLE_FOLDER_PATH)/Shopify App";
			};
			name = Debug;
		};
		8C24C21829AE77BD00AE390B /* Release */ = {
			isa = XCBuildConfiguration;
			baseConfigurationReference = F7657BACE5A5502BC4F1A3C8 /* Pods-Shopify AppTests.release.xcconfig */;
			buildSettings = {
				ALWAYS_EMBED_SWIFT_STANDARD_LIBRARIES = YES;
				BUNDLE_LOADER = "$(TEST_HOST)";
				CODE_SIGN_STYLE = Automatic;
				CURRENT_PROJECT_VERSION = 1;
				GENERATE_INFOPLIST_FILE = YES;
				IPHONEOS_DEPLOYMENT_TARGET = 16.2;
				MARKETING_VERSION = 1.0;
				PRODUCT_BUNDLE_IDENTIFIER = "iti.Shopify-AppTests";
				PRODUCT_NAME = "$(TARGET_NAME)";
				SWIFT_EMIT_LOC_STRINGS = NO;
				SWIFT_VERSION = 5.0;
				TARGETED_DEVICE_FAMILY = "1,2";
				TEST_HOST = "$(BUILT_PRODUCTS_DIR)/Shopify App.app/$(BUNDLE_EXECUTABLE_FOLDER_PATH)/Shopify App";
			};
			name = Release;
		};
		8C24C21A29AE77BD00AE390B /* Debug */ = {
			isa = XCBuildConfiguration;
			baseConfigurationReference = 6CC8966D5DEB50ADAB926022 /* Pods-Shopify App-Shopify AppUITests.debug.xcconfig */;
			buildSettings = {
				ALWAYS_EMBED_SWIFT_STANDARD_LIBRARIES = YES;
				CODE_SIGN_STYLE = Automatic;
				CURRENT_PROJECT_VERSION = 1;
				GENERATE_INFOPLIST_FILE = YES;
				MARKETING_VERSION = 1.0;
				PRODUCT_BUNDLE_IDENTIFIER = "iti.Shopify-AppUITests";
				PRODUCT_NAME = "$(TARGET_NAME)";
				SWIFT_EMIT_LOC_STRINGS = NO;
				SWIFT_VERSION = 5.0;
				TARGETED_DEVICE_FAMILY = "1,2";
				TEST_TARGET_NAME = "Shopify App";
			};
			name = Debug;
		};
		8C24C21B29AE77BD00AE390B /* Release */ = {
			isa = XCBuildConfiguration;
			baseConfigurationReference = 24DC83E1FDA16C85CC927B3A /* Pods-Shopify App-Shopify AppUITests.release.xcconfig */;
			buildSettings = {
				ALWAYS_EMBED_SWIFT_STANDARD_LIBRARIES = YES;
				CODE_SIGN_STYLE = Automatic;
				CURRENT_PROJECT_VERSION = 1;
				GENERATE_INFOPLIST_FILE = YES;
				MARKETING_VERSION = 1.0;
				PRODUCT_BUNDLE_IDENTIFIER = "iti.Shopify-AppUITests";
				PRODUCT_NAME = "$(TARGET_NAME)";
				SWIFT_EMIT_LOC_STRINGS = NO;
				SWIFT_VERSION = 5.0;
				TARGETED_DEVICE_FAMILY = "1,2";
				TEST_TARGET_NAME = "Shopify App";
			};
			name = Release;
		};
/* End XCBuildConfiguration section */

/* Begin XCConfigurationList section */
		8C24C1E129AE777300AE390B /* Build configuration list for PBXProject "Shopify App" */ = {
			isa = XCConfigurationList;
			buildConfigurations = (
				8C24C21129AE77BD00AE390B /* Debug */,
				8C24C21229AE77BD00AE390B /* Release */,
			);
			defaultConfigurationIsVisible = 0;
			defaultConfigurationName = Release;
		};
		8C24C21329AE77BD00AE390B /* Build configuration list for PBXNativeTarget "Shopify App" */ = {
			isa = XCConfigurationList;
			buildConfigurations = (
				8C24C21429AE77BD00AE390B /* Debug */,
				8C24C21529AE77BD00AE390B /* Release */,
			);
			defaultConfigurationIsVisible = 0;
			defaultConfigurationName = Release;
		};
		8C24C21629AE77BD00AE390B /* Build configuration list for PBXNativeTarget "Shopify AppTests" */ = {
			isa = XCConfigurationList;
			buildConfigurations = (
				8C24C21729AE77BD00AE390B /* Debug */,
				8C24C21829AE77BD00AE390B /* Release */,
			);
			defaultConfigurationIsVisible = 0;
			defaultConfigurationName = Release;
		};
		8C24C21929AE77BD00AE390B /* Build configuration list for PBXNativeTarget "Shopify AppUITests" */ = {
			isa = XCConfigurationList;
			buildConfigurations = (
				8C24C21A29AE77BD00AE390B /* Debug */,
				8C24C21B29AE77BD00AE390B /* Release */,
			);
			defaultConfigurationIsVisible = 0;
			defaultConfigurationName = Release;
		};
/* End XCConfigurationList section */

/* Begin XCRemoteSwiftPackageReference section */
		335D05D429B219B300D0F39D /* XCRemoteSwiftPackageReference "Kingfisher" */ = {
			isa = XCRemoteSwiftPackageReference;
			repositoryURL = "https://github.com/onevcat/Kingfisher";
			requirement = {
				branch = master;
				kind = branch;
			};
		};
		D84335E229B11512003F7093 /* XCRemoteSwiftPackageReference "Alamofire" */ = {
			isa = XCRemoteSwiftPackageReference;
			repositoryURL = "https://github.com/Alamofire/Alamofire.git";
			requirement = {
				kind = upToNextMajorVersion;
				minimumVersion = 5.0.0;
			};
		};
		D84335E529B11595003F7093 /* XCRemoteSwiftPackageReference "Reachability.swift" */ = {
			isa = XCRemoteSwiftPackageReference;
			repositoryURL = "https://github.com/ashleymills/Reachability.swift.git";
			requirement = {
				branch = master;
				kind = branch;
			};
		};
/* End XCRemoteSwiftPackageReference section */

/* Begin XCSwiftPackageProductDependency section */
		335D05D529B219B300D0F39D /* Kingfisher */ = {
			isa = XCSwiftPackageProductDependency;
			package = 335D05D429B219B300D0F39D /* XCRemoteSwiftPackageReference "Kingfisher" */;
			productName = Kingfisher;
		};
		D84335E329B11512003F7093 /* Alamofire */ = {
			isa = XCSwiftPackageProductDependency;
			package = D84335E229B11512003F7093 /* XCRemoteSwiftPackageReference "Alamofire" */;
			productName = Alamofire;
		};
		D84335E629B11595003F7093 /* Reachability */ = {
			isa = XCSwiftPackageProductDependency;
			package = D84335E529B11595003F7093 /* XCRemoteSwiftPackageReference "Reachability.swift" */;
			productName = Reachability;
		};
/* End XCSwiftPackageProductDependency section */

/* Begin XCVersionGroup section */
		8C24C1F229AE777500AE390B /* Shopify_App.xcdatamodeld */ = {
			isa = XCVersionGroup;
			children = (
				8C24C1F329AE777500AE390B /* Shopify_App.xcdatamodel */,
			);
			currentVersion = 8C24C1F329AE777500AE390B /* Shopify_App.xcdatamodel */;
			path = Shopify_App.xcdatamodeld;
			sourceTree = "<group>";
			versionGroupType = wrapper.xcdatamodel;
		};
/* End XCVersionGroup section */
	};
	rootObject = 8C24C1DE29AE777300AE390B /* Project object */;
}
